<?xml version="1.0" encoding="UTF-8" standalone="yes" ?>
<CodeBlocks_project_file>
	<FileVersion major="1" minor="6" />
	<Project>
		<Option title="Imports" />
		<Option pch_mode="2" />
		<Option compiler="dmd" />
		<Build>
			<Target title="Release">
				<Option output="bin/Release/Imports" prefix_auto="1" extension_auto="1" />
				<Option object_output="obj/Release/" />
				<Option type="1" />
				<Option compiler="dmd" />
				<Compiler>
					<Add option="-O" />
				</Compiler>
			</Target>
		</Build>
		<Unit filename="import/core/Array.d" />
		<Unit filename="import/core/Atomic.d" />
		<Unit filename="import/core/BitArray.d" />
		<Unit filename="import/core/BitManip.d" />
		<Unit filename="import/core/ByteSwap.d" />
		<Unit filename="import/core/Cpuid.d" />
		<Unit filename="import/core/RuntimeTraits.d" />
		<Unit filename="import/core/Signal.d" />
		<Unit filename="import/core/ThreadPool.d" />
		<Unit filename="import/core/Traits.d" />
		<Unit filename="import/core/Tuple.d" />
		<Unit filename="import/core/Vararg.d" />
		<Unit filename="import/core/Variant.d" />
		<Unit filename="import/core/Version.d" />
		<Unit filename="import/core/WeakRef.d" />
		<Unit filename="import/io/Buffer.d" />
		<Unit filename="import/io/Console.d" />
		<Unit filename="import/io/File.d" />
		<Unit filename="import/io/FilePath.d" />
		<Unit filename="import/io/FileScan.d" />
		<Unit filename="import/io/FileSystem.d" />
		<Unit filename="import/io/Path.d" />
		<Unit filename="import/io/Stdout.d" />
		<Unit filename="import/io/UnicodeFile.d" />
		<Unit filename="import/io/device/Array.d" />
		<Unit filename="import/io/device/BitBucket.d" />
		<Unit filename="import/io/device/Conduit.d" />
		<Unit filename="import/io/device/Device.d" />
		<Unit filename="import/io/device/File.d" />
		<Unit filename="import/io/device/FileMap.d" />
		<Unit filename="import/io/device/SerialPort.d" />
		<Unit filename="import/io/device/TempFile.d" />
		<Unit filename="import/io/device/ThreadPipe.d" />
		<Unit filename="import/io/model.d" />
		<Unit filename="import/io/protocol/Allocator.d" />
		<Unit filename="import/io/protocol/EndianProtocol.d" />
		<Unit filename="import/io/protocol/NativeProtocol.d" />
		<Unit filename="import/io/protocol/PickleProtocol.d" />
		<Unit filename="import/io/protocol/Reader.d" />
		<Unit filename="import/io/protocol/Writer.d" />
		<Unit filename="import/io/protocol/model.d" />
		<Unit filename="import/io/selector/AbstractSelector.d" />
		<Unit filename="import/io/selector/EpollSelector.d" />
		<Unit filename="import/io/selector/PollSelector.d" />
		<Unit filename="import/io/selector/SelectSelector.d" />
		<Unit filename="import/io/selector/Selector.d" />
		<Unit filename="import/io/selector/SelectorException.d" />
		<Unit filename="import/io/selector/model.d" />
		<Unit filename="import/io/stream/Buffered.d" />
		<Unit filename="import/io/stream/Bzip.d" />
		<Unit filename="import/io/stream/Data.d" />
		<Unit filename="import/io/stream/DataFile.d" />
		<Unit filename="import/io/stream/Delimiters.d" />
		<Unit filename="import/io/stream/Digester.d" />
		<Unit filename="import/io/stream/Endian.d" />
		<Unit filename="import/io/stream/Format.d" />
		<Unit filename="import/io/stream/Greedy.d" />
		<Unit filename="import/io/stream/Iterator.d" />
		<Unit filename="import/io/stream/Lines.d" />
		<Unit filename="import/io/stream/Map.d" />
		<Unit filename="import/io/stream/Patterns.d" />
		<Unit filename="import/io/stream/Quotes.d" />
		<Unit filename="import/io/stream/Snoop.d" />
		<Unit filename="import/io/stream/Text.d" />
		<Unit filename="import/io/stream/TextFile.d" />
		<Unit filename="import/io/stream/Typed.d" />
		<Unit filename="import/io/stream/Utf.d" />
		<Unit filename="import/io/stream/Zlib.d" />
		<Unit filename="import/io/vfs/FileFolder.d" />
		<Unit filename="import/io/vfs/FtpFolder.d" />
		<Unit filename="import/io/vfs/LinkedFolder.d" />
		<Unit filename="import/io/vfs/VirtualFolder.d" />
		<Unit filename="import/io/vfs/ZipFolder.d" />
		<Unit filename="import/io/vfs/model.d" />
		<Unit filename="import/lib/OpenSSL.d" />
		<Unit filename="import/lib/bzlib.d" />
		<Unit filename="import/lib/zlib.d" />
		<Unit filename="import/math/Bessel.d" />
		<Unit filename="import/math/BigInt.d" />
		<Unit filename="import/math/Bracket.d" />
		<Unit filename="import/math/Elliptic.d" />
		<Unit filename="import/math/ErrorFunction.d" />
		<Unit filename="import/math/GammaFunction.d" />
		<Unit filename="import/math/IEEE.d" />
		<Unit filename="import/math/Linalgebra.d" />
		<Unit filename="import/math/Math.d" />
		<Unit filename="import/math/Probability.d" />
		<Unit filename="import/math/internal/BignumNoAsm.d" />
		<Unit filename="import/math/internal/BignumX86.d" />
		<Unit filename="import/math/internal/BiguintCore.d" />
		<Unit filename="import/math/internal/Cache.d" />
		<Unit filename="import/math/random/ExpSource.d" />
		<Unit filename="import/math/random/Kiss.d" />
		<Unit filename="import/math/random/NormalSource.d" />
		<Unit filename="import/math/random/Random.d" />
		<Unit filename="import/math/random/Twister.d" />
		<Unit filename="import/math/random/Ziggurat.d" />
		<Unit filename="import/math/random/engines/ArraySource.d" />
		<Unit filename="import/math/random/engines/CMWC.d" />
		<Unit filename="import/math/random/engines/KISS.d" />
		<Unit filename="import/math/random/engines/KissCmwc.d" />
		<Unit filename="import/math/random/engines/Sync.d" />
		<Unit filename="import/math/random/engines/Twister.d" />
		<Unit filename="import/math/random/engines/URandom.d" />
		<Unit filename="import/net/DatagramConduit.d" />
		<Unit filename="import/net/InternetAddress.d" />
		<Unit filename="import/net/PKI.d" />
		<Unit filename="import/net/Socket.d" />
		<Unit filename="import/net/SocketConduit.d" />
		<Unit filename="import/net/SocketListener.d" />
		<Unit filename="import/net/Uri.d" />
		<Unit filename="import/net/device/Berkeley.d" />
		<Unit filename="import/net/device/Datagram.d" />
		<Unit filename="import/net/device/LocalSocket.d" />
		<Unit filename="import/net/device/Multicast.d" />
		<Unit filename="import/net/device/SSLSocket.d" />
		<Unit filename="import/net/device/Socket.d" />
		<Unit filename="import/net/ftp/FtpClient.d" />
		<Unit filename="import/net/ftp/Telnet.d" />
		<Unit filename="import/net/http/ChunkStream.d" />
		<Unit filename="import/net/http/HttpClient.d" />
		<Unit filename="import/net/http/HttpConst.d" />
		<Unit filename="import/net/http/HttpCookies.d" />
		<Unit filename="import/net/http/HttpGet.d" />
		<Unit filename="import/net/http/HttpHeaders.d" />
		<Unit filename="import/net/http/HttpParams.d" />
		<Unit filename="import/net/http/HttpPost.d" />
		<Unit filename="import/net/http/HttpStack.d" />
		<Unit filename="import/net/http/HttpTokens.d" />
		<Unit filename="import/net/http/HttpTriplet.d" />
		<Unit filename="import/net/http/model/HttpParamsView.d" />
		<Unit filename="import/net/model/UriView.d" />
		<Unit filename="import/sys/Common.d" />
		<Unit filename="import/sys/Environment.d" />
		<Unit filename="import/sys/HomeFolder.d" />
		<Unit filename="import/sys/Pipe.d" />
		<Unit filename="import/sys/Process.d" />
		<Unit filename="import/sys/SharedLib.d" />
		<Unit filename="import/sys/consts/errno.d" />
		<Unit filename="import/sys/consts/fcntl.d" />
		<Unit filename="import/sys/consts/socket.d" />
		<Unit filename="import/sys/consts/sysctl.d" />
		<Unit filename="import/sys/consts/unistd.d" />
		<Unit filename="import/sys/win32/CodePage.d" />
		<Unit filename="import/sys/win32/IUnknown.d" />
		<Unit filename="import/sys/win32/Macros.d" />
		<Unit filename="import/sys/win32/Process.d" />
		<Unit filename="import/sys/win32/SpecialPath.d" />
		<Unit filename="import/sys/win32/Types.d" />
		<Unit filename="import/sys/win32/UserGdi.d" />
		<Unit filename="import/sys/win32/WsaSock.d" />
		<Unit filename="import/sys/win32/consts/errno.d" />
		<Unit filename="import/sys/win32/consts/fcntl.d" />
		<Unit filename="import/sys/win32/consts/socket.d" />
		<Unit filename="import/sys/win32/consts/sysctl.d" />
		<Unit filename="import/sys/win32/consts/unistd.d" />
		<Unit filename="import/text/Arguments.d" />
		<Unit filename="import/text/Ascii.d" />
		<Unit filename="import/text/Regex.d" />
		<Unit filename="import/text/Search.d" />
		<Unit filename="import/text/Text.d" />
		<Unit filename="import/text/Unicode.d" />
		<Unit filename="import/text/UnicodeData.d" />
		<Unit filename="import/text/Util.d" />
		<Unit filename="import/text/convert/DateTime.d" />
		<Unit filename="import/text/convert/Float.d" />
		<Unit filename="import/text/convert/Format.d" />
		<Unit filename="import/text/convert/Integer.d" />
		<Unit filename="import/text/convert/Layout.d" />
		<Unit filename="import/text/convert/Sprint.d" />
		<Unit filename="import/text/convert/TimeStamp.d" />
		<Unit filename="import/text/convert/UnicodeBom.d" />
		<Unit filename="import/text/convert/Utf.d" />
		<Unit filename="import/text/json/Json.d" />
		<Unit filename="import/text/json/JsonEscape.d" />
		<Unit filename="import/text/json/JsonParser.d" />
		<Unit filename="import/text/locale/Collation.d" />
		<Unit filename="import/text/locale/Convert.d" />
		<Unit filename="import/text/locale/Core.d" />
		<Unit filename="import/text/locale/Data.d" />
		<Unit filename="import/text/locale/Locale.d" />
		<Unit filename="import/text/locale/Parse.d" />
		<Unit filename="import/text/locale/Posix.d" />
		<Unit filename="import/text/locale/Win32.d" />
		<Unit filename="import/text/xml/DocEntity.d" />
		<Unit filename="import/text/xml/DocPrinter.d" />
		<Unit filename="import/text/xml/DocTester.d" />
		<Unit filename="import/text/xml/Document.d" />
		<Unit filename="import/text/xml/PullParser.d" />
		<Unit filename="import/text/xml/SaxParser.d" />
		<Unit filename="import/time/Clock.d" />
		<Unit filename="import/time/ISO8601.d" />
		<Unit filename="import/time/StopWatch.d" />
		<Unit filename="import/time/Time.d" />
		<Unit filename="import/time/WallClock.d" />
		<Unit filename="import/time/chrono/Calendar.d" />
		<Unit filename="import/time/chrono/Gregorian.d" />
		<Unit filename="import/time/chrono/GregorianBased.d" />
		<Unit filename="import/time/chrono/Hebrew.d" />
		<Unit filename="import/time/chrono/Hijri.d" />
		<Unit filename="import/time/chrono/Japanese.d" />
		<Unit filename="import/time/chrono/Korean.d" />
		<Unit filename="import/time/chrono/Taiwan.d" />
		<Unit filename="import/time/chrono/ThaiBuddhist.d" />
		<Unit filename="import/util/ArgParser.d" />
		<Unit filename="import/util/Convert.d" />
		<Unit filename="import/util/Cpuid.d" />
		<Unit filename="import/util/Demangler.d" />
		<Unit filename="import/util/MinMax.d" />
		<Unit filename="import/util/PathUtil.d" />
		<Unit filename="import/util/cipher/AES.d" />
		<Unit filename="import/util/cipher/Blowfish.d" />
		<Unit filename="import/util/cipher/ChaCha.d" />
		<Unit filename="import/util/cipher/Cipher.d" />
		<Unit filename="import/util/cipher/RC4.d" />
		<Unit filename="import/util/cipher/RC6.d" />
		<Unit filename="import/util/cipher/Salsa20.d" />
		<Unit filename="import/util/cipher/TEA.d" />
		<Unit filename="import/util/cipher/XTEA.d" />
		<Unit filename="import/util/collection/ArrayBag.d" />
		<Unit filename="import/util/collection/ArraySeq.d" />
		<Unit filename="import/util/collection/CircularSeq.d" />
		<Unit filename="import/util/collection/HashMap.d" />
		<Unit filename="import/util/collection/HashSet.d" />
		<Unit filename="import/util/collection/LinkMap.d" />
		<Unit filename="import/util/collection/LinkSeq.d" />
		<Unit filename="import/util/collection/TreeBag.d" />
		<Unit filename="import/util/collection/TreeMap.d" />
		<Unit filename="import/util/collection/impl/AbstractIterator.d" />
		<Unit filename="import/util/collection/impl/BagCollection.d" />
		<Unit filename="import/util/collection/impl/CLCell.d" />
		<Unit filename="import/util/collection/impl/Cell.d" />
		<Unit filename="import/util/collection/impl/Collection.d" />
		<Unit filename="import/util/collection/impl/LLCell.d" />
		<Unit filename="import/util/collection/impl/LLPair.d" />
		<Unit filename="import/util/collection/impl/MapCollection.d" />
		<Unit filename="import/util/collection/impl/RBCell.d" />
		<Unit filename="import/util/collection/impl/RBPair.d" />
		<Unit filename="import/util/collection/impl/SeqCollection.d" />
		<Unit filename="import/util/collection/impl/SetCollection.d" />
		<Unit filename="import/util/collection/iterator/ArrayIterator.d" />
		<Unit filename="import/util/collection/iterator/FilteringIterator.d" />
		<Unit filename="import/util/collection/iterator/InterleavingIterator.d" />
		<Unit filename="import/util/collection/model/Bag.d" />
		<Unit filename="import/util/collection/model/BagView.d" />
		<Unit filename="import/util/collection/model/Comparator.d" />
		<Unit filename="import/util/collection/model/Dispenser.d" />
		<Unit filename="import/util/collection/model/GuardIterator.d" />
		<Unit filename="import/util/collection/model/HashParams.d" />
		<Unit filename="import/util/collection/model/Iterator.d" />
		<Unit filename="import/util/collection/model/Map.d" />
		<Unit filename="import/util/collection/model/MapView.d" />
		<Unit filename="import/util/collection/model/Seq.d" />
		<Unit filename="import/util/collection/model/SeqView.d" />
		<Unit filename="import/util/collection/model/Set.d" />
		<Unit filename="import/util/collection/model/SetView.d" />
		<Unit filename="import/util/collection/model/Sortable.d" />
		<Unit filename="import/util/collection/model/SortedKeys.d" />
		<Unit filename="import/util/collection/model/SortedValues.d" />
		<Unit filename="import/util/collection/model/View.d" />
		<Unit filename="import/util/compress/BzipStream.d" />
		<Unit filename="import/util/compress/Zip.d" />
		<Unit filename="import/util/compress/ZlibStream.d" />
		<Unit filename="import/util/container/CircularList.d" />
		<Unit filename="import/util/container/Clink.d" />
		<Unit filename="import/util/container/Container.d" />
		<Unit filename="import/util/container/HashMap.d" />
		<Unit filename="import/util/container/HashSet.d" />
		<Unit filename="import/util/container/LinkedList.d" />
		<Unit filename="import/util/container/RedBlack.d" />
		<Unit filename="import/util/container/Slink.d" />
		<Unit filename="import/util/container/SortedMap.d" />
		<Unit filename="import/util/container/model/IContainer.d" />
		<Unit filename="import/util/container/more/BitSet.d" />
		<Unit filename="import/util/container/more/CacheMap.d" />
		<Unit filename="import/util/container/more/HashFile.d" />
		<Unit filename="import/util/container/more/Heap.d" />
		<Unit filename="import/util/container/more/Stack.d" />
		<Unit filename="import/util/container/more/StackMap.d" />
		<Unit filename="import/util/container/more/Vector.d" />
		<Unit filename="import/util/digest/Crc32.d" />
		<Unit filename="import/util/digest/Digest.d" />
		<Unit filename="import/util/digest/Md2.d" />
		<Unit filename="import/util/digest/Md4.d" />
		<Unit filename="import/util/digest/Md5.d" />
		<Unit filename="import/util/digest/MerkleDamgard.d" />
		<Unit filename="import/util/digest/Ripemd128.d" />
		<Unit filename="import/util/digest/Ripemd160.d" />
		<Unit filename="import/util/digest/Ripemd256.d" />
		<Unit filename="import/util/digest/Ripemd320.d" />
		<Unit filename="import/util/digest/Sha0.d" />
		<Unit filename="import/util/digest/Sha01.d" />
		<Unit filename="import/util/digest/Sha1.d" />
		<Unit filename="import/util/digest/Sha256.d" />
		<Unit filename="import/util/digest/Sha512.d" />
		<Unit filename="import/util/digest/Tiger.d" />
		<Unit filename="import/util/digest/Whirlpool.d" />
		<Unit filename="import/util/encode/Base16.d" />
		<Unit filename="import/util/encode/Base32.d" />
		<Unit filename="import/util/encode/Base64.d" />
		<Unit filename="import/util/log/AppendConsole.d" />
		<Unit filename="import/util/log/AppendFile.d" />
		<Unit filename="import/util/log/AppendFiles.d" />
		<Unit filename="import/util/log/AppendMail.d" />
		<Unit filename="import/util/log/AppendSocket.d" />
		<Unit filename="import/util/log/Config.d" />
		<Unit filename="import/util/log/ConfigProps.d" />
		<Unit filename="import/util/log/LayoutChainsaw.d" />
		<Unit filename="import/util/log/LayoutData.d" />
		<Unit filename="import/util/log/Log.d" />
		<Unit filename="import/util/log/Trace.d" />
		<Unit filename="import/util/log/model/ILogger.d" />
		<Unit filename="import/util/uuid/NamespaceGenV3.d" />
		<Unit filename="import/util/uuid/NamespaceGenV5.d" />
		<Unit filename="import/util/uuid/RandomGen.d" />
		<Unit filename="import/util/uuid/Uuid.d" />
		<Extensions>
			<code_completion />
			<envvars />
			<debugger />
			<lib_finder disable_auto="1" />
		</Extensions>
	</Project>
</CodeBlocks_project_file>
