<?xml version="1.0" encoding="UTF-8" standalone="yes" ?>
<CodeBlocks_project_file>
	<FileVersion major="1" minor="6" />
	<Project>
		<Option title="Dinrus.WX-2.8_gnu" />
		<Option pch_mode="2" />
		<Option compiler="gcc" />
		<Build>
			<Target title="Debug">
				<Option output="Dinrus.WX-2" prefix_auto="1" extension_auto="1" />
				<Option type="3" />
				<Option compiler="gcc" />
				<Option createDefFile="1" />
				<Option createStaticLib="1" />
				<Compiler>
					<Add option="-D_UNICODE" />
					<Add option="-DUNICODE" />
					<Add option="-DWX29" />
					<Add option="-DwxUSE_UNICODE" />
					<Add option="-D__GNUWIN32__" />
					<Add directory="E:/msys32/mingw32/include/wx-2.8" />
				</Compiler>
			</Target>
			<Target title="Release">
				<Option output="Dinrus.WX-2" imp_lib="$(TARGET_OUTPUT_DIR)$(TARGET_OUTPUT_BASENAME).a" def_file="$(TARGET_OUTPUT_DIR)$(TARGET_OUTPUT_BASENAME).def" prefix_auto="1" extension_auto="1" />
				<Option type="3" />
				<Option compiler="gcc" />
				<Compiler>
					<Add directory="E:/msys32/mingw32/include/wx-2.8" />
				</Compiler>
			</Target>
		</Build>
		<Compiler>
			<Add option="-DBUILDING_DLL=1" />
			<Add directory="E:/msys32/mingw32/include" />
			<Add directory="E:/msys32/mingw32/include/wx-2.9" />
			<Add directory="E:/msys32/mingw32/lib/mswu" />
		</Compiler>
		<Linker>
			<Add option="--no-export-all-symbols --add-stdcall-alias" />
			<Add directory="E:/msys32/mingw32/lib" />
		</Linker>
		<Unit filename="wxc/DinrusWX.cpp">
			<Option target="Debug" />
		</Unit>
		<Unit filename="wxc/ReadMe.md">
			<Option target="Debug" />
		</Unit>
		<Unit filename="wxc/accel.cpp">
			<Option target="Debug" />
		</Unit>
		<Unit filename="wxc/activateevent.cpp">
			<Option target="Debug" />
		</Unit>
		<Unit filename="wxc/app.cpp">
			<Option target="Debug" />
		</Unit>
		<Unit filename="wxc/artprovider.cpp">
			<Option target="Debug" />
		</Unit>
		<Unit filename="wxc/bitmap.cpp">
			<Option target="Debug" />
		</Unit>
		<Unit filename="wxc/bitmapbutton.cpp">
			<Option target="Debug" />
		</Unit>
		<Unit filename="wxc/boxsizer.cpp">
			<Option target="Debug" />
		</Unit>
		<Unit filename="wxc/brush.cpp">
			<Option target="Debug" />
		</Unit>
		<Unit filename="wxc/button.cpp">
			<Option target="Debug" />
		</Unit>
		<Unit filename="wxc/calendarctrl.cpp">
			<Option target="Debug" />
		</Unit>
		<Unit filename="wxc/caret.cpp">
			<Option target="Debug" />
		</Unit>
		<Unit filename="wxc/checkbox.cpp">
			<Option target="Debug" />
		</Unit>
		<Unit filename="wxc/childfocusevent.cpp">
			<Option target="Debug" />
		</Unit>
		<Unit filename="wxc/choice.cpp">
			<Option target="Debug" />
		</Unit>
		<Unit filename="wxc/choicedialog.cpp">
			<Option target="Debug" />
		</Unit>
		<Unit filename="wxc/clientdata.cpp">
			<Option target="Debug" />
		</Unit>
		<Unit filename="wxc/clipboard.cpp">
			<Option target="Debug" />
		</Unit>
		<Unit filename="wxc/closeevent.cpp">
			<Option target="Debug" />
		</Unit>
		<Unit filename="wxc/colour.cpp">
			<Option target="Debug" />
		</Unit>
		<Unit filename="wxc/colourdialog.cpp">
			<Option target="Debug" />
		</Unit>
		<Unit filename="wxc/combobox.cpp">
			<Option target="Debug" />
		</Unit>
		<Unit filename="wxc/commandevent.cpp">
			<Option target="Debug" />
		</Unit>
		<Unit filename="wxc/common.h">
			<Option target="Debug" />
		</Unit>
		<Unit filename="wxc/config.cpp">
			<Option target="Debug" />
		</Unit>
		<Unit filename="wxc/contextmenuevent.cpp">
			<Option target="Debug" />
		</Unit>
		<Unit filename="wxc/control.cpp">
			<Option target="Debug" />
		</Unit>
		<Unit filename="wxc/control.inc">
			<Option target="Debug" />
		</Unit>
		<Unit filename="wxc/cursor.cpp">
			<Option target="Debug" />
		</Unit>
		<Unit filename="wxc/dataformat.cpp">
			<Option target="Debug" />
		</Unit>
		<Unit filename="wxc/dataobject.cpp">
			<Option target="Debug" />
		</Unit>
		<Unit filename="wxc/dc.cpp">
			<Option target="Debug" />
		</Unit>
		<Unit filename="wxc/dialog.cpp">
			<Option target="Debug" />
		</Unit>
		<Unit filename="wxc/dirdialog.cpp">
			<Option target="Debug" />
		</Unit>
		<Unit filename="wxc/display.cpp">
			<Option target="Debug" />
		</Unit>
		<Unit filename="wxc/displaychangedevent.cpp">
			<Option target="Debug" />
		</Unit>
		<Unit filename="wxc/dllmain.cpp">
			<Option target="Debug" />
		</Unit>
		<Unit filename="wxc/dmd-wrap-libs.cpp">
			<Option target="Debug" />
		</Unit>
		<Unit filename="wxc/dnd.cpp">
			<Option target="Debug" />
		</Unit>
		<Unit filename="wxc/docmanager.cpp">
			<Option target="Debug" />
		</Unit>
		<Unit filename="wxc/doctemplate.cpp">
			<Option target="Debug" />
		</Unit>
		<Unit filename="wxc/document.cpp">
			<Option target="Debug" />
		</Unit>
		<Unit filename="wxc/eraseevent.cpp">
			<Option target="Debug" />
		</Unit>
		<Unit filename="wxc/event.cpp">
			<Option target="Debug" />
		</Unit>
		<Unit filename="wxc/evthandler.cpp">
			<Option target="Debug" />
		</Unit>
		<Unit filename="wxc/filedialog.cpp">
			<Option target="Debug" />
		</Unit>
		<Unit filename="wxc/findreplacedialog.cpp">
			<Option target="Debug" />
		</Unit>
		<Unit filename="wxc/flexgridsizer.cpp">
			<Option target="Debug" />
		</Unit>
		<Unit filename="wxc/focusevent.cpp">
			<Option target="Debug" />
		</Unit>
		<Unit filename="wxc/font.cpp">
			<Option target="Debug" />
		</Unit>
		<Unit filename="wxc/fontdialog.cpp">
			<Option target="Debug" />
		</Unit>
		<Unit filename="wxc/fontmisc.cpp">
			<Option target="Debug" />
		</Unit>
		<Unit filename="wxc/frame.cpp">
			<Option target="Debug" />
		</Unit>
		<Unit filename="wxc/gauge.cpp">
			<Option target="Debug" />
		</Unit>
		<Unit filename="wxc/gdicmn.cpp">
			<Option target="Debug" />
		</Unit>
		<Unit filename="wxc/gdiobject.cpp">
			<Option target="Debug" />
		</Unit>
		<Unit filename="wxc/glcanvas.cpp">
			<Option target="Debug" />
		</Unit>
		<Unit filename="wxc/global.cpp">
			<Option target="Debug" />
		</Unit>
		<Unit filename="wxc/grid.cpp">
			<Option target="Debug" />
		</Unit>
		<Unit filename="wxc/gridbagsizer.cpp">
			<Option target="Debug" />
		</Unit>
		<Unit filename="wxc/gridctrl.cpp">
			<Option target="Debug" />
		</Unit>
		<Unit filename="wxc/gridsizer.cpp">
			<Option target="Debug" />
		</Unit>
		<Unit filename="wxc/helpevent.cpp">
			<Option target="Debug" />
		</Unit>
		<Unit filename="wxc/html.cpp">
			<Option target="Debug" />
		</Unit>
		<Unit filename="wxc/htmlhelpctrl.cpp">
			<Option target="Debug" />
		</Unit>
		<Unit filename="wxc/htmllbox.cpp">
			<Option target="Debug" />
		</Unit>
		<Unit filename="wxc/icon.cpp">
			<Option target="Debug" />
		</Unit>
		<Unit filename="wxc/iconizeevent.cpp">
			<Option target="Debug" />
		</Unit>
		<Unit filename="wxc/idleevent.cpp">
			<Option target="Debug" />
		</Unit>
		<Unit filename="wxc/image.cpp">
			<Option target="Debug" />
		</Unit>
		<Unit filename="wxc/imagelist.cpp">
			<Option target="Debug" />
		</Unit>
		<Unit filename="wxc/imghandler.cpp">
			<Option target="Debug" />
		</Unit>
		<Unit filename="wxc/initdialogevent.cpp">
			<Option target="Debug" />
		</Unit>
		<Unit filename="wxc/keyevent.cpp">
			<Option target="Debug" />
		</Unit>
		<Unit filename="wxc/laywin.cpp">
			<Option target="Debug" />
		</Unit>
		<Unit filename="wxc/listbook.cpp">
			<Option target="Debug" />
		</Unit>
		<Unit filename="wxc/listbox.cpp">
			<Option target="Debug" />
		</Unit>
		<Unit filename="wxc/listctrl.cpp">
			<Option target="Debug" />
		</Unit>
		<Unit filename="wxc/local_events.h">
			<Option target="Debug" />
		</Unit>
		<Unit filename="wxc/locale.cpp">
			<Option target="Debug" />
		</Unit>
		<Unit filename="wxc/log.cpp">
			<Option target="Debug" />
		</Unit>
		<Unit filename="wxc/manager.cpp">
			<Option target="Debug" />
		</Unit>
		<Unit filename="wxc/manager.h">
			<Option target="Debug" />
		</Unit>
		<Unit filename="wxc/maximizeevent.cpp">
			<Option target="Debug" />
		</Unit>
		<Unit filename="wxc/mdi.cpp">
			<Option target="Debug" />
		</Unit>
		<Unit filename="wxc/memorydc.cpp">
			<Option target="Debug" />
		</Unit>
		<Unit filename="wxc/menu.cpp">
			<Option target="Debug" />
		</Unit>
		<Unit filename="wxc/menubar.cpp">
			<Option target="Debug" />
		</Unit>
		<Unit filename="wxc/menuitem.cpp">
			<Option target="Debug" />
		</Unit>
		<Unit filename="wxc/messagedialog.cpp">
			<Option target="Debug" />
		</Unit>
		<Unit filename="wxc/miniframe.cpp">
			<Option target="Debug" />
		</Unit>
		<Unit filename="wxc/mousecapturechangedevent.cpp">
			<Option target="Debug" />
		</Unit>
		<Unit filename="wxc/mouseevent.cpp">
			<Option target="Debug" />
		</Unit>
		<Unit filename="wxc/moveevent.cpp">
			<Option target="Debug" />
		</Unit>
		<Unit filename="wxc/navigationkeyevent.cpp">
			<Option target="Debug" />
		</Unit>
		<Unit filename="wxc/ncpaintevent.cpp">
			<Option target="Debug" />
		</Unit>
		<Unit filename="wxc/notebook.cpp">
			<Option target="Debug" />
		</Unit>
		<Unit filename="wxc/notebooksizer.cpp">
			<Option target="Debug" />
		</Unit>
		<Unit filename="wxc/notifyevent.cpp">
			<Option target="Debug" />
		</Unit>
		<Unit filename="wxc/numdialog.cpp">
			<Option target="Debug" />
		</Unit>
		<Unit filename="wxc/object.cpp">
			<Option target="Debug" />
		</Unit>
		<Unit filename="wxc/paintevent.cpp">
			<Option target="Debug" />
		</Unit>
		<Unit filename="wxc/palette.cpp">
			<Option target="Debug" />
		</Unit>
		<Unit filename="wxc/palettechangedevent.cpp">
			<Option target="Debug" />
		</Unit>
		<Unit filename="wxc/panel.cpp">
			<Option target="Debug" />
		</Unit>
		<Unit filename="wxc/panel.inc">
			<Option target="Debug" />
		</Unit>
		<Unit filename="wxc/pen.cpp">
			<Option target="Debug" />
		</Unit>
		<Unit filename="wxc/printdata.cpp">
			<Option target="Debug" />
		</Unit>
		<Unit filename="wxc/printdialog.cpp">
			<Option target="Debug" />
		</Unit>
		<Unit filename="wxc/printer.cpp">
			<Option target="Debug" />
		</Unit>
		<Unit filename="wxc/printpreview.cpp">
			<Option target="Debug" />
		</Unit>
		<Unit filename="wxc/progdlg.cpp">
			<Option target="Debug" />
		</Unit>
		<Unit filename="wxc/querynewpaletteevent.cpp">
			<Option target="Debug" />
		</Unit>
		<Unit filename="wxc/radiobox.cpp">
			<Option target="Debug" />
		</Unit>
		<Unit filename="wxc/radiobutton.cpp">
			<Option target="Debug" />
		</Unit>
		<Unit filename="wxc/region.cpp">
			<Option target="Debug" />
		</Unit>
		<Unit filename="wxc/sashwindow.cpp">
			<Option target="Debug" />
		</Unit>
		<Unit filename="wxc/scrollbar.cpp">
			<Option target="Debug" />
		</Unit>
		<Unit filename="wxc/scrolledwindow.cpp">
			<Option target="Debug" />
		</Unit>
		<Unit filename="wxc/setcursorevent.cpp">
			<Option target="Debug" />
		</Unit>
		<Unit filename="wxc/showevent.cpp">
			<Option target="Debug" />
		</Unit>
		<Unit filename="wxc/sizeevent.cpp">
			<Option target="Debug" />
		</Unit>
		<Unit filename="wxc/sizer.cpp">
			<Option target="Debug" />
		</Unit>
		<Unit filename="wxc/sizeritem.cpp">
			<Option target="Debug" />
		</Unit>
		<Unit filename="wxc/slider.cpp">
			<Option target="Debug" />
		</Unit>
		<Unit filename="wxc/sound.cpp">
			<Option target="Debug" />
		</Unit>
		<Unit filename="wxc/spinbutton.cpp">
			<Option target="Debug" />
		</Unit>
		<Unit filename="wxc/spinctrl.cpp">
			<Option target="Debug" />
		</Unit>
		<Unit filename="wxc/splashscreen.cpp">
			<Option target="Debug" />
		</Unit>
		<Unit filename="wxc/splitterwindow.cpp">
			<Option target="Debug" />
		</Unit>
		<Unit filename="wxc/staticbitmap.cpp">
			<Option target="Debug" />
		</Unit>
		<Unit filename="wxc/staticbox.cpp">
			<Option target="Debug" />
		</Unit>
		<Unit filename="wxc/staticboxsizer.cpp">
			<Option target="Debug" />
		</Unit>
		<Unit filename="wxc/staticline.cpp">
			<Option target="Debug" />
		</Unit>
		<Unit filename="wxc/statictext.cpp">
			<Option target="Debug" />
		</Unit>
		<Unit filename="wxc/statusbar.cpp">
			<Option target="Debug" />
		</Unit>
		<Unit filename="wxc/stdafx.cpp">
			<Option target="Debug" />
		</Unit>
		<Unit filename="wxc/stdafx.h">
			<Option target="Debug" />
		</Unit>
		<Unit filename="wxc/styledtextctrl.cpp">
			<Option target="Debug" />
		</Unit>
		<Unit filename="wxc/syscolourchangedevent.cpp">
			<Option target="Debug" />
		</Unit>
		<Unit filename="wxc/systemsettings.cpp">
			<Option target="Debug" />
		</Unit>
		<Unit filename="wxc/tabctrl.cpp">
			<Option target="Debug" />
		</Unit>
		<Unit filename="wxc/targetver.h">
			<Option target="Debug" />
		</Unit>
		<Unit filename="wxc/taskbaricon.cpp">
			<Option target="Debug" />
		</Unit>
		<Unit filename="wxc/textctrl.cpp">
			<Option target="Debug" />
		</Unit>
		<Unit filename="wxc/textdialog.cpp">
			<Option target="Debug" />
		</Unit>
		<Unit filename="wxc/thread.cpp">
			<Option target="Debug" />
		</Unit>
		<Unit filename="wxc/timer.cpp">
			<Option target="Debug" />
		</Unit>
		<Unit filename="wxc/tipdialog.cpp">
			<Option target="Debug" />
		</Unit>
		<Unit filename="wxc/tipwindow.cpp">
			<Option target="Debug" />
		</Unit>
		<Unit filename="wxc/togglebutton.cpp">
			<Option target="Debug" />
		</Unit>
		<Unit filename="wxc/toolbar.cpp">
			<Option target="Debug" />
		</Unit>
		<Unit filename="wxc/tooltip.cpp">
			<Option target="Debug" />
		</Unit>
		<Unit filename="wxc/treectrl.cpp">
			<Option target="Debug" />
		</Unit>
		<Unit filename="wxc/updateuievent.cpp">
			<Option target="Debug" />
		</Unit>
		<Unit filename="wxc/validator.cpp">
			<Option target="Debug" />
		</Unit>
		<Unit filename="wxc/view.cpp">
			<Option target="Debug" />
		</Unit>
		<Unit filename="wxc/vlbox.cpp">
			<Option target="Debug" />
		</Unit>
		<Unit filename="wxc/vscroll.cpp">
			<Option target="Debug" />
		</Unit>
		<Unit filename="wxc/window.cpp">
			<Option target="Debug" />
		</Unit>
		<Unit filename="wxc/window.inc">
			<Option target="Debug" />
		</Unit>
		<Unit filename="wxc/windowcreateevent.cpp">
			<Option target="Debug" />
		</Unit>
		<Unit filename="wxc/windowdestroyevent.cpp">
			<Option target="Debug" />
		</Unit>
		<Unit filename="wxc/wizard.cpp">
			<Option target="Debug" />
		</Unit>
		<Unit filename="wxc/wizardpagesimple.cpp">
			<Option target="Debug" />
		</Unit>
		<Unit filename="wxc/wx-config-win.cpp">
			<Option target="Debug" />
		</Unit>
		<Unit filename="wxc/wxaui.cpp">
			<Option target="Debug" />
		</Unit>
		<Unit filename="wxc/wxdatetime.cpp">
			<Option target="Debug" />
		</Unit>
		<Unit filename="wxc/wxplatform.cpp">
			<Option target="Debug" />
		</Unit>
		<Unit filename="wxc/wxstring.cpp">
			<Option target="Debug" />
		</Unit>
		<Unit filename="wxc/wxversion.cpp">
			<Option target="Debug" />
		</Unit>
		<Unit filename="wxc/xmlresource.cpp">
			<Option target="Debug" />
		</Unit>
		<Extensions>
			<code_completion />
			<envvars />
			<debugger />
		</Extensions>
	</Project>
</CodeBlocks_project_file>
