<?xml version="1.0" encoding="UTF-8" standalone="yes" ?>
<CodeBlocks_project_file>
	<FileVersion major="1" minor="6" />
	<Project>
		<Option title="DinrusBaseDLL" />
		<Option pch_mode="2" />
		<Option compiler="dmd" />
		<Build>
			<Target title="Debug">
				<Option output="-of./bin/Debug/DinrusBase_dbg" prefix_auto="1" extension_auto="1" />
				<Option object_output="obj/Debug/" />
				<Option external_deps="../../../../lib/DinrusRtClib.lib;" />
				<Option type="3" />
				<Option compiler="dmd" />
				<Option createDefFile="1" />
				<Option createStaticLib="1" />
				<Compiler>
					<Add option="-w" />
					<Add option="-g" />
					<Add option="-debug" />
					<Add directory="../import" />
					<Add directory="../base" />
				</Compiler>
				<Linker>
					<Add option="..\..\..\..\lib\minit.obj" />
					<Add library="../../../../lib/DinrusRtClib.lib" />
				</Linker>
			</Target>
			<Target title="Release">
				<Option output="bin/Release/DinrusBaseDLL" prefix_auto="1" extension_auto="1" />
				<Option object_output="obj/Release/" />
				<Option type="3" />
				<Option compiler="dmd" />
				<Option createDefFile="1" />
				<Option createStaticLib="1" />
				<Compiler>
					<Add option="-O" />
					<Add option="-w" />
					<Add directory="../base" />
				</Compiler>
				<Linker>
					<Add library="user32" />
				</Linker>
			</Target>
		</Build>
		<Compiler>
			<Add option="-O" />
		</Compiler>
		<Unit filename="../base/base.d" />
		<Unit filename="../base/cidrus.d" />
		<Unit filename="../base/dinrus.d" />
		<Unit filename="../base/exception.d" />
		<Unit filename="../base/gc.d" />
		<Unit filename="../base/object.d" />
		<Unit filename="../base/rt/aApply.d" />
		<Unit filename="../base/rt/aApplyR.d" />
		<Unit filename="../base/rt/aaA.d" />
		<Unit filename="../base/rt/adi.d" />
		<Unit filename="../base/rt/alloca.d" />
		<Unit filename="../base/rt/arraybyte.d" />
		<Unit filename="../base/rt/arraycast.d" />
		<Unit filename="../base/rt/arraycat.d" />
		<Unit filename="../base/rt/arraydouble.d" />
		<Unit filename="../base/rt/arrayfloat.d" />
		<Unit filename="../base/rt/arrayint.d" />
		<Unit filename="../base/rt/arrayreal.d" />
		<Unit filename="../base/rt/arrayshort.d" />
		<Unit filename="../base/rt/cast.d" />
		<Unit filename="../base/rt/charset.d" />
		<Unit filename="../base/rt/cmath2.d" />
		<Unit filename="../base/rt/compat.d" />
		<Unit filename="../base/rt/hash.d" />
		<Unit filename="../base/rt/invariant.d" />
		<Unit filename="../base/rt/lifetime.d" />
		<Unit filename="../base/rt/llmath.d" />
		<Unit filename="../base/rt/memset.d" />
		<Unit filename="../base/rt/qsort.d" />
		<Unit filename="../base/rt/switch.d" />
		<Unit filename="../base/rt/syserror.d" />
		<Unit filename="../base/rt/trace.d" />
		<Unit filename="../base/runtime.d" />
		<Unit filename="../base/std/base64.d" />
		<Unit filename="../base/std/bitarray.d" />
		<Unit filename="../base/std/conv.d" />
		<Unit filename="../base/std/cpuid.d" />
		<Unit filename="../base/std/crc32.d" />
		<Unit filename="../base/std/ctype.d" />
		<Unit filename="../base/std/date.d" />
		<Unit filename="../base/std/demangle.d" />
		<Unit filename="../base/std/file.d" />
		<Unit filename="../base/std/format.d" />
		<Unit filename="../base/std/intrinsic.d" />
		<Unit filename="../base/std/io.d" />
		<Unit filename="../base/std/loader.d" />
		<Unit filename="../base/std/math.d" />
		<Unit filename="../base/std/math2.d" />
		<Unit filename="../base/std/md5.d" />
		<Unit filename="../base/std/outbuffer.d" />
		<Unit filename="../base/std/path.d" />
		<Unit filename="../base/std/perf.d" />
		<Unit filename="../base/std/process.d" />
		<Unit filename="../base/std/random.d" />
		<Unit filename="../base/std/regexp.d" />
		<Unit filename="../base/std/socket.d" />
		<Unit filename="../base/std/string.d" />
		<Unit filename="../base/std/system.d" />
		<Unit filename="../base/std/traits.d" />
		<Unit filename="../base/std/uni.d" />
		<Unit filename="../base/std/uri.d" />
		<Unit filename="../base/std/utf.d" />
		<Unit filename="../base/std/zip.d" />
		<Unit filename="../base/std/zlib.d" />
		<Unit filename="../base/stdrus.d" />
		<Unit filename="../base/stringz.d" />
		<Unit filename="../base/sync.d" />
		<Unit filename="../base/sys/WinConsts.d" />
		<Unit filename="../base/sys/WinFuncs.d" />
		<Unit filename="../base/sys/WinIfaces.d" />
		<Unit filename="../base/sys/WinProcess.d" />
		<Unit filename="../base/sys/WinStructs.d" />
		<Unit filename="../base/sys/com.d" />
		<Unit filename="../base/sys/inc/advapi32.d" />
		<Unit filename="../base/sys/inc/kernel32.d" />
		<Unit filename="../base/sys/inc/user32.d" />
		<Unit filename="../base/sys/memory.d" />
		<Unit filename="../base/sys/registry.d" />
		<Unit filename="../base/sys/uuid.d" />
		<Unit filename="../base/thread.d" />
		<Unit filename="../base/tpl/all.d" />
		<Unit filename="../base/tpl/args.d" />
		<Unit filename="../base/tpl/bind.d" />
		<Unit filename="../base/tpl/box.d" />
		<Unit filename="../base/tpl/com.d" />
		<Unit filename="../base/tpl/metastrings.d" />
		<Unit filename="../base/tpl/minmax.d" />
		<Unit filename="../base/tpl/signal.d" />
		<Unit filename="../base/tpl/stream.d" />
		<Unit filename="../base/tpl/traits.d" />
		<Unit filename="../base/tpl/typetuple.d" />
		<Unit filename="../base/util.d" />
		<Unit filename="../base/win.d" />
		<Unit filename="../base/zlib.d" />
		<Unit filename="../static/dll.d" />
		<Extensions>
			<code_completion />
			<envvars />
			<debugger />
			<lib_finder disable_auto="1" />
		</Extensions>
	</Project>
</CodeBlocks_project_file>
