<?xml version="1.0" encoding="UTF-8" standalone="yes" ?>
<CodeBlocks_project_file>
	<FileVersion major="1" minor="6" />
	<Project>
		<Option title="DinrusGTK" />
		<Option pch_mode="2" />
		<Option compiler="dmd" />
		<Build>
			<Target title="Debug">
				<Option output="bin/Debug/gtkD_dbg" prefix_auto="1" extension_auto="1" />
				<Option working_dir="" />
				<Option object_output="obj/Debug/" />
				<Option type="2" />
				<Option compiler="dmd" />
				<Option createDefFile="1" />
				<Compiler>
					<Add option="-g" />
					<Add option="-debug" />
					<Add directory="../DinrusGTK" />
				</Compiler>
				<Linker>
					<Add option="-p512" />
				</Linker>
			</Target>
			<Target title="Release">
				<Option output="bin/Release/gtkD" prefix_auto="1" extension_auto="1" />
				<Option working_dir="" />
				<Option object_output="obj/Release/" />
				<Option type="2" />
				<Option compiler="dmd" />
				<Option createDefFile="1" />
				<Compiler>
					<Add option="-O" />
					<Add directory="D:/dinrus/dev/DINRUS/DinrusGTK/" />
				</Compiler>
				<Linker>
					<Add option="-p512" />
				</Linker>
			</Target>
		</Build>
		<Unit filename="gtkD/atk/Action.d" />
		<Unit filename="gtkD/atk/Component.d" />
		<Unit filename="gtkD/atk/Document.d" />
		<Unit filename="gtkD/atk/EditableText.d" />
		<Unit filename="gtkD/atk/GObjectAccessible.d" />
		<Unit filename="gtkD/atk/Hyperlink.d" />
		<Unit filename="gtkD/atk/Hypertext.d" />
		<Unit filename="gtkD/atk/Image.d" />
		<Unit filename="gtkD/atk/NoOpObject.d" />
		<Unit filename="gtkD/atk/NoOpObjectFactory.d" />
		<Unit filename="gtkD/atk/ObjectAtk.d" />
		<Unit filename="gtkD/atk/ObjectFactory.d" />
		<Unit filename="gtkD/atk/Registry.d" />
		<Unit filename="gtkD/atk/Relation.d" />
		<Unit filename="gtkD/atk/RelationSet.d" />
		<Unit filename="gtkD/atk/Selection.d" />
		<Unit filename="gtkD/atk/State.d" />
		<Unit filename="gtkD/atk/StateSet.d" />
		<Unit filename="gtkD/atk/StreamableContent.d" />
		<Unit filename="gtkD/atk/Table.d" />
		<Unit filename="gtkD/atk/Text.d" />
		<Unit filename="gtkD/atk/Util.d" />
		<Unit filename="gtkD/atk/ValueAtk.d" />
		<Unit filename="gtkD/cairo/Context.d" />
		<Unit filename="gtkD/cairo/FontFace.d" />
		<Unit filename="gtkD/cairo/FontOption.d" />
		<Unit filename="gtkD/cairo/ImageSurface.d" />
		<Unit filename="gtkD/cairo/Matrix.d" />
		<Unit filename="gtkD/cairo/Pattern.d" />
		<Unit filename="gtkD/cairo/PdfSurface.d" />
		<Unit filename="gtkD/cairo/PostScriptSurface.d" />
		<Unit filename="gtkD/cairo/ScaledFont.d" />
		<Unit filename="gtkD/cairo/Status.d" />
		<Unit filename="gtkD/cairo/Surface.d" />
		<Unit filename="gtkD/cairo/SvgSurface.d" />
		<Unit filename="gtkD/cairo/Types.d" />
		<Unit filename="gtkD/cairo/UserFontFace.d" />
		<Unit filename="gtkD/cairo/Version.d" />
		<Unit filename="gtkD/gda/Blob.d" />
		<Unit filename="gtkD/gda/Client.d" />
		<Unit filename="gtkD/gda/Command.d" />
		<Unit filename="gtkD/gda/Config.d" />
		<Unit filename="gtkD/gda/Connection.d" />
		<Unit filename="gtkD/gda/DataModel.d" />
		<Unit filename="gtkD/gda/DataModelArray.d" />
		<Unit filename="gtkD/gda/DataModelHash.d" />
		<Unit filename="gtkD/gda/DataModelList.d" />
		<Unit filename="gtkD/gda/DataSourceInfo.d" />
		<Unit filename="gtkD/gda/ErrorGda.d" />
		<Unit filename="gtkD/gda/Export.d" />
		<Unit filename="gtkD/gda/FieldAttributes.d" />
		<Unit filename="gtkD/gda/Gda.d" />
		<Unit filename="gtkD/gda/Log.d" />
		<Unit filename="gtkD/gda/Parameter.d" />
		<Unit filename="gtkD/gda/ParameterList.d" />
		<Unit filename="gtkD/gda/ProviderInfo.d" />
		<Unit filename="gtkD/gda/QuarkList.d" />
		<Unit filename="gtkD/gda/Row.d" />
		<Unit filename="gtkD/gda/Select.d" />
		<Unit filename="gtkD/gda/Table.d" />
		<Unit filename="gtkD/gda/Transaction.d" />
		<Unit filename="gtkD/gda/Value.d" />
		<Unit filename="gtkD/gdac/gda.d" />
		<Unit filename="gtkD/gdac/gdatypes.d" />
		<Unit filename="gtkD/gdk/AppLaunchContext.d" />
		<Unit filename="gtkD/gdk/Bitmap.d" />
		<Unit filename="gtkD/gdk/Color.d" />
		<Unit filename="gtkD/gdk/Colormap.d" />
		<Unit filename="gtkD/gdk/Cursor.d" />
		<Unit filename="gtkD/gdk/Device.d" />
		<Unit filename="gtkD/gdk/Display.d" />
		<Unit filename="gtkD/gdk/DisplayManager.d" />
		<Unit filename="gtkD/gdk/DragContext.d" />
		<Unit filename="gtkD/gdk/Drawable.d" />
		<Unit filename="gtkD/gdk/Event.d" />
		<Unit filename="gtkD/gdk/EventStruct.d" />
		<Unit filename="gtkD/gdk/Font.d" />
		<Unit filename="gtkD/gdk/GC.d" />
		<Unit filename="gtkD/gdk/Gdk.d" />
		<Unit filename="gtkD/gdk/GdkCairo.d" />
		<Unit filename="gtkD/gdk/ImageGdk.d" />
		<Unit filename="gtkD/gdk/Input.d" />
		<Unit filename="gtkD/gdk/Keymap.d" />
		<Unit filename="gtkD/gdk/Keysyms.d" />
		<Unit filename="gtkD/gdk/Pixbuf.d" />
		<Unit filename="gtkD/gdk/Pixmap.d" />
		<Unit filename="gtkD/gdk/RGB.d" />
		<Unit filename="gtkD/gdk/Rectangle.d" />
		<Unit filename="gtkD/gdk/Region.d" />
		<Unit filename="gtkD/gdk/RgbCmap.d" />
		<Unit filename="gtkD/gdk/Screen.d" />
		<Unit filename="gtkD/gdk/Selection.d" />
		<Unit filename="gtkD/gdk/Testing.d" />
		<Unit filename="gtkD/gdk/Threads.d" />
		<Unit filename="gtkD/gdk/Visual.d" />
		<Unit filename="gtkD/gdk/Window.d" />
		<Unit filename="gtkD/gdk/X11.d" />
		<Unit filename="gtkD/gdkpixbuf/PixbufAnimation.d" />
		<Unit filename="gtkD/gdkpixbuf/PixbufAnimationIter.d" />
		<Unit filename="gtkD/gdkpixbuf/PixbufFormat.d" />
		<Unit filename="gtkD/gdkpixbuf/PixbufLoader.d" />
		<Unit filename="gtkD/gdkpixbuf/PixbufSimpleAnimation.d" />
		<Unit filename="gtkD/gdkpixbuf/Pixdata.d" />
		<Unit filename="gtkD/gio/AppInfo.d" />
		<Unit filename="gtkD/gio/AppInfoIF.d" />
		<Unit filename="gtkD/gio/AppInfoT.d" />
		<Unit filename="gtkD/gio/AppLaunchContext.d" />
		<Unit filename="gtkD/gio/AsyncInitableIF.d" />
		<Unit filename="gtkD/gio/AsyncInitableT.d" />
		<Unit filename="gtkD/gio/AsyncResultIF.d" />
		<Unit filename="gtkD/gio/AsyncResultT.d" />
		<Unit filename="gtkD/gio/BufferedInputStream.d" />
		<Unit filename="gtkD/gio/BufferedOutputStream.d" />
		<Unit filename="gtkD/gio/Cancellable.d" />
		<Unit filename="gtkD/gio/ContentType.d" />
		<Unit filename="gtkD/gio/DataInputStream.d" />
		<Unit filename="gtkD/gio/DataOutputStream.d" />
		<Unit filename="gtkD/gio/DesktopAppInfo.d" />
		<Unit filename="gtkD/gio/Drive.d" />
		<Unit filename="gtkD/gio/DriveIF.d" />
		<Unit filename="gtkD/gio/DriveT.d" />
		<Unit filename="gtkD/gio/Emblem.d" />
		<Unit filename="gtkD/gio/EmblemedIcon.d" />
		<Unit filename="gtkD/gio/ErrorGIO.d" />
		<Unit filename="gtkD/gio/File.d" />
		<Unit filename="gtkD/gio/FileAttributeInfoList.d" />
		<Unit filename="gtkD/gio/FileAttributeMatcher.d" />
		<Unit filename="gtkD/gio/FileEnumerator.d" />
		<Unit filename="gtkD/gio/FileIOStream.d" />
		<Unit filename="gtkD/gio/FileIcon.d" />
		<Unit filename="gtkD/gio/FileInfo.d" />
		<Unit filename="gtkD/gio/FileInputStream.d" />
		<Unit filename="gtkD/gio/FileMonitor.d" />
		<Unit filename="gtkD/gio/FileOutputStream.d" />
		<Unit filename="gtkD/gio/FilenameCompleter.d" />
		<Unit filename="gtkD/gio/FilterInputStream.d" />
		<Unit filename="gtkD/gio/FilterOutputStream.d" />
		<Unit filename="gtkD/gio/IOExtension.d" />
		<Unit filename="gtkD/gio/IOExtensionPoint.d" />
		<Unit filename="gtkD/gio/IOModule.d" />
		<Unit filename="gtkD/gio/IOSchedulerJob.d" />
		<Unit filename="gtkD/gio/IOStream.d" />
		<Unit filename="gtkD/gio/Icon.d" />
		<Unit filename="gtkD/gio/IconIF.d" />
		<Unit filename="gtkD/gio/IconT.d" />
		<Unit filename="gtkD/gio/InetAddress.d" />
		<Unit filename="gtkD/gio/InetSocketAddress.d" />
		<Unit filename="gtkD/gio/InitableIF.d" />
		<Unit filename="gtkD/gio/InitableT.d" />
		<Unit filename="gtkD/gio/InputStream.d" />
		<Unit filename="gtkD/gio/LoadableIconIF.d" />
		<Unit filename="gtkD/gio/LoadableIconT.d" />
		<Unit filename="gtkD/gio/MemoryInputStream.d" />
		<Unit filename="gtkD/gio/MemoryOutputStream.d" />
		<Unit filename="gtkD/gio/Mount.d" />
		<Unit filename="gtkD/gio/MountIF.d" />
		<Unit filename="gtkD/gio/MountOperation.d" />
		<Unit filename="gtkD/gio/MountT.d" />
		<Unit filename="gtkD/gio/NetworkAddress.d" />
		<Unit filename="gtkD/gio/NetworkService.d" />
		<Unit filename="gtkD/gio/OutputStream.d" />
		<Unit filename="gtkD/gio/Resolver.d" />
		<Unit filename="gtkD/gio/SeekableIF.d" />
		<Unit filename="gtkD/gio/SeekableT.d" />
		<Unit filename="gtkD/gio/SimpleAsyncResult.d" />
		<Unit filename="gtkD/gio/Socket.d" />
		<Unit filename="gtkD/gio/SocketAddress.d" />
		<Unit filename="gtkD/gio/SocketAddressEnumerator.d" />
		<Unit filename="gtkD/gio/SocketClient.d" />
		<Unit filename="gtkD/gio/SocketConnectableIF.d" />
		<Unit filename="gtkD/gio/SocketConnectableT.d" />
		<Unit filename="gtkD/gio/SocketConnection.d" />
		<Unit filename="gtkD/gio/SocketControlMessage.d" />
		<Unit filename="gtkD/gio/SocketListener.d" />
		<Unit filename="gtkD/gio/SocketService.d" />
		<Unit filename="gtkD/gio/SrvTarget.d" />
		<Unit filename="gtkD/gio/TcpConnection.d" />
		<Unit filename="gtkD/gio/ThemedIcon.d" />
		<Unit filename="gtkD/gio/ThreadedSocketService.d" />
		<Unit filename="gtkD/gio/UnixConnection.d" />
		<Unit filename="gtkD/gio/UnixFDMessage.d" />
		<Unit filename="gtkD/gio/UnixInputStream.d" />
		<Unit filename="gtkD/gio/UnixMountEntry.d" />
		<Unit filename="gtkD/gio/UnixMountMonitor.d" />
		<Unit filename="gtkD/gio/UnixMountPoint.d" />
		<Unit filename="gtkD/gio/UnixOutputStream.d" />
		<Unit filename="gtkD/gio/UnixSocketAddress.d" />
		<Unit filename="gtkD/gio/Vfs.d" />
		<Unit filename="gtkD/gio/Volume.d" />
		<Unit filename="gtkD/gio/VolumeIF.d" />
		<Unit filename="gtkD/gio/VolumeMonitor.d" />
		<Unit filename="gtkD/gio/VolumeT.d" />
		<Unit filename="gtkD/glade/Glade.d" />
		<Unit filename="gtkD/glgdk/GLConfig.d" />
		<Unit filename="gtkD/glgdk/GLContext.d" />
		<Unit filename="gtkD/glgdk/GLDraw.d" />
		<Unit filename="gtkD/glgdk/GLDrawable.d" />
		<Unit filename="gtkD/glgdk/GLFont.d" />
		<Unit filename="gtkD/glgdk/GLPixmap.d" />
		<Unit filename="gtkD/glgdk/GLQuery.d" />
		<Unit filename="gtkD/glgdk/GLTokens.d" />
		<Unit filename="gtkD/glgdk/GLWindow.d" />
		<Unit filename="gtkD/glgdk/GLdInit.d" />
		<Unit filename="gtkD/glgdk/GLdVersion.d" />
		<Unit filename="gtkD/glgtk/GLCapability.d" />
		<Unit filename="gtkD/glgtk/GLWidget.d" />
		<Unit filename="gtkD/glgtk/GLtInit.d" />
		<Unit filename="gtkD/glgtk/GLtVersion.d" />
		<Unit filename="gtkD/glib/Allocator.d" />
		<Unit filename="gtkD/glib/ArrayG.d" />
		<Unit filename="gtkD/glib/AsyncQueue.d" />
		<Unit filename="gtkD/glib/Atomic.d" />
		<Unit filename="gtkD/glib/BBTree.d" />
		<Unit filename="gtkD/glib/Base64.d" />
		<Unit filename="gtkD/glib/BookmarkFile.d" />
		<Unit filename="gtkD/glib/ByteArray.d" />
		<Unit filename="gtkD/glib/Cache.d" />
		<Unit filename="gtkD/glib/CharacterSet.d" />
		<Unit filename="gtkD/glib/Checksum.d" />
		<Unit filename="gtkD/glib/Child.d" />
		<Unit filename="gtkD/glib/ConstructionException.d" />
		<Unit filename="gtkD/glib/DataList.d" />
		<Unit filename="gtkD/glib/Dataset.d" />
		<Unit filename="gtkD/glib/Date.d" />
		<Unit filename="gtkD/glib/Directory.d" />
		<Unit filename="gtkD/glib/ErrorG.d" />
		<Unit filename="gtkD/glib/FileUtils.d" />
		<Unit filename="gtkD/glib/GException.d" />
		<Unit filename="gtkD/glib/GLib.d" />
		<Unit filename="gtkD/glib/HashTable.d" />
		<Unit filename="gtkD/glib/HashTableIter.d" />
		<Unit filename="gtkD/glib/Hostname.d" />
		<Unit filename="gtkD/glib/IOChannel.d" />
		<Unit filename="gtkD/glib/Idle.d" />
		<Unit filename="gtkD/glib/Internationalization.d" />
		<Unit filename="gtkD/glib/KeyFile.d" />
		<Unit filename="gtkD/glib/ListG.d" />
		<Unit filename="gtkD/glib/ListSG.d" />
		<Unit filename="gtkD/glib/MainContext.d" />
		<Unit filename="gtkD/glib/MainLoop.d" />
		<Unit filename="gtkD/glib/MappedFile.d" />
		<Unit filename="gtkD/glib/MatchInfo.d" />
		<Unit filename="gtkD/glib/Memory.d" />
		<Unit filename="gtkD/glib/MemoryChunk.d" />
		<Unit filename="gtkD/glib/MemorySlice.d" />
		<Unit filename="gtkD/glib/MessageLog.d" />
		<Unit filename="gtkD/glib/Messages.d" />
		<Unit filename="gtkD/glib/Module.d" />
		<Unit filename="gtkD/glib/Node.d" />
		<Unit filename="gtkD/glib/OptionContext.d" />
		<Unit filename="gtkD/glib/OptionGroup.d" />
		<Unit filename="gtkD/glib/Pattern.d" />
		<Unit filename="gtkD/glib/PtrArray.d" />
		<Unit filename="gtkD/glib/Quark.d" />
		<Unit filename="gtkD/glib/QueueG.d" />
		<Unit filename="gtkD/glib/RandG.d" />
		<Unit filename="gtkD/glib/Regex.d" />
		<Unit filename="gtkD/glib/Relation.d" />
		<Unit filename="gtkD/glib/ScannerG.d" />
		<Unit filename="gtkD/glib/Sequence.d" />
		<Unit filename="gtkD/glib/SequenceIter.d" />
		<Unit filename="gtkD/glib/ShellUtils.d" />
		<Unit filename="gtkD/glib/SimpleXML.d" />
		<Unit filename="gtkD/glib/Source.d" />
		<Unit filename="gtkD/glib/Spawn.d" />
		<Unit filename="gtkD/glib/Str.d" />
		<Unit filename="gtkD/glib/StringCompletion.d" />
		<Unit filename="gtkD/glib/StringG.d" />
		<Unit filename="gtkD/glib/StringGChunk.d" />
		<Unit filename="gtkD/glib/ThreadPool.d" />
		<Unit filename="gtkD/glib/TimeVal.d" />
		<Unit filename="gtkD/glib/Timeout.d" />
		<Unit filename="gtkD/glib/Timer.d" />
		<Unit filename="gtkD/glib/TrashStack.d" />
		<Unit filename="gtkD/glib/Tuples.d" />
		<Unit filename="gtkD/glib/URI.d" />
		<Unit filename="gtkD/glib/Unicode.d" />
		<Unit filename="gtkD/glib/Util.d" />
		<Unit filename="gtkD/glib/WindowsUtils.d" />
		<Unit filename="gtkD/gobject/Boxed.d" />
		<Unit filename="gtkD/gobject/CClosure.d" />
		<Unit filename="gtkD/gobject/Closure.d" />
		<Unit filename="gtkD/gobject/Enums.d" />
		<Unit filename="gtkD/gobject/Flags.d" />
		<Unit filename="gtkD/gobject/ObjectG.d" />
		<Unit filename="gtkD/gobject/ParamSpec.d" />
		<Unit filename="gtkD/gobject/ParamSpecPool.d" />
		<Unit filename="gtkD/gobject/Signals.d" />
		<Unit filename="gtkD/gobject/Type.d" />
		<Unit filename="gtkD/gobject/TypeModule.d" />
		<Unit filename="gtkD/gobject/TypePlugin.d" />
		<Unit filename="gtkD/gobject/Value.d" />
		<Unit filename="gtkD/gobject/ValueArray.d" />
		<Unit filename="gtkD/gstinterfaces/XOverlay.d" />
		<Unit filename="gtkD/gstreamer/Bin.d" />
		<Unit filename="gtkD/gstreamer/Buffer.d" />
		<Unit filename="gtkD/gstreamer/Bus.d" />
		<Unit filename="gtkD/gstreamer/Caps.d" />
		<Unit filename="gtkD/gstreamer/Clock.d" />
		<Unit filename="gtkD/gstreamer/Element.d" />
		<Unit filename="gtkD/gstreamer/ElementFactory.d" />
		<Unit filename="gtkD/gstreamer/Event.d" />
		<Unit filename="gtkD/gstreamer/Format.d" />
		<Unit filename="gtkD/gstreamer/GError.d" />
		<Unit filename="gtkD/gstreamer/GhostPad.d" />
		<Unit filename="gtkD/gstreamer/ImplementsInterface.d" />
		<Unit filename="gtkD/gstreamer/Index.d" />
		<Unit filename="gtkD/gstreamer/IndexFactory.d" />
		<Unit filename="gtkD/gstreamer/Iterator.d" />
		<Unit filename="gtkD/gstreamer/Message.d" />
		<Unit filename="gtkD/gstreamer/MiniObject.d" />
		<Unit filename="gtkD/gstreamer/ObjectGst.d" />
		<Unit filename="gtkD/gstreamer/Pad.d" />
		<Unit filename="gtkD/gstreamer/PadTemplate.d" />
		<Unit filename="gtkD/gstreamer/Parse.d" />
		<Unit filename="gtkD/gstreamer/Pipeline.d" />
		<Unit filename="gtkD/gstreamer/Plugin.d" />
		<Unit filename="gtkD/gstreamer/PluginFeature.d" />
		<Unit filename="gtkD/gstreamer/Query.d" />
		<Unit filename="gtkD/gstreamer/Registry.d" />
		<Unit filename="gtkD/gstreamer/Segment.d" />
		<Unit filename="gtkD/gstreamer/Structure.d" />
		<Unit filename="gtkD/gstreamer/SystemClock.d" />
		<Unit filename="gtkD/gstreamer/TagList.d" />
		<Unit filename="gtkD/gstreamer/TagSetter.d" />
		<Unit filename="gtkD/gstreamer/Task.d" />
		<Unit filename="gtkD/gstreamer/TypeFind.d" />
		<Unit filename="gtkD/gstreamer/TypeFindFactory.d" />
		<Unit filename="gtkD/gstreamer/gstreamer.d" />
		<Unit filename="gtkD/gstreamerc/gstinterfaces.d" />
		<Unit filename="gtkD/gstreamerc/gstinterfacestypes.d" />
		<Unit filename="gtkD/gstreamerc/gstreamer.d" />
		<Unit filename="gtkD/gstreamerc/gstreamertypes.d" />
		<Unit filename="gtkD/gsv/SourceBuffer.d" />
		<Unit filename="gtkD/gsv/SourceGutter.d" />
		<Unit filename="gtkD/gsv/SourceLanguage.d" />
		<Unit filename="gtkD/gsv/SourceLanguageManager.d" />
		<Unit filename="gtkD/gsv/SourceMark.d" />
		<Unit filename="gtkD/gsv/SourcePrintCompositor.d" />
		<Unit filename="gtkD/gsv/SourceSearch.d" />
		<Unit filename="gtkD/gsv/SourceStyle.d" />
		<Unit filename="gtkD/gsv/SourceStyleScheme.d" />
		<Unit filename="gtkD/gsv/SourceStyleSchemeManager.d" />
		<Unit filename="gtkD/gsv/SourceView.d" />
		<Unit filename="gtkD/gsvc/gsv.d" />
		<Unit filename="gtkD/gsvc/gsvtypes.d" />
		<Unit filename="gtkD/gthread/Cond.d" />
		<Unit filename="gtkD/gthread/Mutex.d" />
		<Unit filename="gtkD/gthread/Private.d" />
		<Unit filename="gtkD/gthread/RWLock.d" />
		<Unit filename="gtkD/gthread/StaticMutex.d" />
		<Unit filename="gtkD/gthread/StaticPrivate.d" />
		<Unit filename="gtkD/gthread/StaticRecMutex.d" />
		<Unit filename="gtkD/gthread/Thread.d" />
		<Unit filename="gtkD/gtk/AboutDialog.d" />
		<Unit filename="gtkD/gtk/AccelGroup.d" />
		<Unit filename="gtkD/gtk/AccelLabel.d" />
		<Unit filename="gtkD/gtk/AccelMap.d" />
		<Unit filename="gtkD/gtk/Accessible.d" />
		<Unit filename="gtkD/gtk/Action.d" />
		<Unit filename="gtkD/gtk/ActionGroup.d" />
		<Unit filename="gtkD/gtk/ActivatableIF.d" />
		<Unit filename="gtkD/gtk/ActivatableT.d" />
		<Unit filename="gtkD/gtk/Adjustment.d" />
		<Unit filename="gtkD/gtk/Alignment.d" />
		<Unit filename="gtkD/gtk/Arrow.d" />
		<Unit filename="gtkD/gtk/AspectFrame.d" />
		<Unit filename="gtkD/gtk/Assistant.d" />
		<Unit filename="gtkD/gtk/Bin.d" />
		<Unit filename="gtkD/gtk/BindingSet.d" />
		<Unit filename="gtkD/gtk/Border.d" />
		<Unit filename="gtkD/gtk/Box.d" />
		<Unit filename="gtkD/gtk/BuildableIF.d" />
		<Unit filename="gtkD/gtk/BuildableT.d" />
		<Unit filename="gtkD/gtk/Builder.d" />
		<Unit filename="gtkD/gtk/Button.d" />
		<Unit filename="gtkD/gtk/ButtonBox.d" />
		<Unit filename="gtkD/gtk/Calendar.d" />
		<Unit filename="gtkD/gtk/CellEditable.d" />
		<Unit filename="gtkD/gtk/CellEditableIF.d" />
		<Unit filename="gtkD/gtk/CellEditableT.d" />
		<Unit filename="gtkD/gtk/CellLayoutIF.d" />
		<Unit filename="gtkD/gtk/CellLayoutT.d" />
		<Unit filename="gtkD/gtk/CellRenderer.d" />
		<Unit filename="gtkD/gtk/CellRendererAccel.d" />
		<Unit filename="gtkD/gtk/CellRendererCombo.d" />
		<Unit filename="gtkD/gtk/CellRendererPixbuf.d" />
		<Unit filename="gtkD/gtk/CellRendererProgress.d" />
		<Unit filename="gtkD/gtk/CellRendererSpin.d" />
		<Unit filename="gtkD/gtk/CellRendererText.d" />
		<Unit filename="gtkD/gtk/CellRendererToggle.d" />
		<Unit filename="gtkD/gtk/CellView.d" />
		<Unit filename="gtkD/gtk/CheckButton.d" />
		<Unit filename="gtkD/gtk/CheckMenuItem.d" />
		<Unit filename="gtkD/gtk/Clipboard.d" />
		<Unit filename="gtkD/gtk/ColorButton.d" />
		<Unit filename="gtkD/gtk/ColorSelection.d" />
		<Unit filename="gtkD/gtk/ColorSelectionDialog.d" />
		<Unit filename="gtkD/gtk/ComboBox.d" />
		<Unit filename="gtkD/gtk/ComboBoxEntry.d" />
		<Unit filename="gtkD/gtk/Container.d" />
		<Unit filename="gtkD/gtk/Curve.d" />
		<Unit filename="gtkD/gtk/Dialog.d" />
		<Unit filename="gtkD/gtk/DragAndDrop.d" />
		<Unit filename="gtkD/gtk/DrawingArea.d" />
		<Unit filename="gtkD/gtk/EditableIF.d" />
		<Unit filename="gtkD/gtk/EditableT.d" />
		<Unit filename="gtkD/gtk/Entry.d" />
		<Unit filename="gtkD/gtk/EntryBuffer.d" />
		<Unit filename="gtkD/gtk/EntryCompletion.d" />
		<Unit filename="gtkD/gtk/EventBox.d" />
		<Unit filename="gtkD/gtk/Expander.d" />
		<Unit filename="gtkD/gtk/FileChooserButton.d" />
		<Unit filename="gtkD/gtk/FileChooserDialog.d" />
		<Unit filename="gtkD/gtk/FileChooserIF.d" />
		<Unit filename="gtkD/gtk/FileChooserT.d" />
		<Unit filename="gtkD/gtk/FileChooserWidget.d" />
		<Unit filename="gtkD/gtk/FileFilter.d" />
		<Unit filename="gtkD/gtk/FileSelection.d" />
		<Unit filename="gtkD/gtk/Fixed.d" />
		<Unit filename="gtkD/gtk/FontButton.d" />
		<Unit filename="gtkD/gtk/FontSelection.d" />
		<Unit filename="gtkD/gtk/FontSelectionDialog.d" />
		<Unit filename="gtkD/gtk/Frame.d" />
		<Unit filename="gtkD/gtk/GCs.d" />
		<Unit filename="gtkD/gtk/GammaCurve.d" />
		<Unit filename="gtkD/gtk/HBox.d" />
		<Unit filename="gtkD/gtk/HButtonBox.d" />
		<Unit filename="gtkD/gtk/HPaned.d" />
		<Unit filename="gtkD/gtk/HRuler.d" />
		<Unit filename="gtkD/gtk/HScale.d" />
		<Unit filename="gtkD/gtk/HScrollbar.d" />
		<Unit filename="gtkD/gtk/HSeparator.d" />
		<Unit filename="gtkD/gtk/HandleBox.d" />
		<Unit filename="gtkD/gtk/IMContext.d" />
		<Unit filename="gtkD/gtk/IMContextSimple.d" />
		<Unit filename="gtkD/gtk/IMMulticontext.d" />
		<Unit filename="gtkD/gtk/IconFactory.d" />
		<Unit filename="gtkD/gtk/IconInfo.d" />
		<Unit filename="gtkD/gtk/IconSet.d" />
		<Unit filename="gtkD/gtk/IconSize.d" />
		<Unit filename="gtkD/gtk/IconSource.d" />
		<Unit filename="gtkD/gtk/IconTheme.d" />
		<Unit filename="gtkD/gtk/IconView.d" />
		<Unit filename="gtkD/gtk/Idle.d" />
		<Unit filename="gtkD/gtk/Image.d" />
		<Unit filename="gtkD/gtk/ImageMenuItem.d" />
		<Unit filename="gtkD/gtk/InfoBar.d" />
		<Unit filename="gtkD/gtk/InputDialog.d" />
		<Unit filename="gtkD/gtk/Invisible.d" />
		<Unit filename="gtkD/gtk/Item.d" />
		<Unit filename="gtkD/gtk/ItemFactory.d" />
		<Unit filename="gtkD/gtk/Label.d" />
		<Unit filename="gtkD/gtk/Layout.d" />
		<Unit filename="gtkD/gtk/LinkButton.d" />
		<Unit filename="gtkD/gtk/ListStore.d" />
		<Unit filename="gtkD/gtk/Main.d" />
		<Unit filename="gtkD/gtk/MainWindow.d" />
		<Unit filename="gtkD/gtk/Menu.d" />
		<Unit filename="gtkD/gtk/MenuBar.d" />
		<Unit filename="gtkD/gtk/MenuItem.d" />
		<Unit filename="gtkD/gtk/MenuShell.d" />
		<Unit filename="gtkD/gtk/MenuToolButton.d" />
		<Unit filename="gtkD/gtk/MessageDialog.d" />
		<Unit filename="gtkD/gtk/Misc.d" />
		<Unit filename="gtkD/gtk/MountOperation.d" />
		<Unit filename="gtkD/gtk/Notebook.d" />
		<Unit filename="gtkD/gtk/ObjectGtk.d" />
		<Unit filename="gtkD/gtk/OrientableIF.d" />
		<Unit filename="gtkD/gtk/OrientableT.d" />
		<Unit filename="gtkD/gtk/PageSetup.d" />
		<Unit filename="gtkD/gtk/PageSetupUnixDialog.d" />
		<Unit filename="gtkD/gtk/Paned.d" />
		<Unit filename="gtkD/gtk/PaperSize.d" />
		<Unit filename="gtkD/gtk/Plug.d" />
		<Unit filename="gtkD/gtk/PopupBox.d" />
		<Unit filename="gtkD/gtk/PrintContext.d" />
		<Unit filename="gtkD/gtk/PrintJob.d" />
		<Unit filename="gtkD/gtk/PrintOperation.d" />
		<Unit filename="gtkD/gtk/PrintOperationPreviewIF.d" />
		<Unit filename="gtkD/gtk/PrintOperationPreviewT.d" />
		<Unit filename="gtkD/gtk/PrintSettings.d" />
		<Unit filename="gtkD/gtk/PrintUnixDialog.d" />
		<Unit filename="gtkD/gtk/Printer.d" />
		<Unit filename="gtkD/gtk/Progress.d" />
		<Unit filename="gtkD/gtk/ProgressBar.d" />
		<Unit filename="gtkD/gtk/RadioAction.d" />
		<Unit filename="gtkD/gtk/RadioButton.d" />
		<Unit filename="gtkD/gtk/RadioMenuItem.d" />
		<Unit filename="gtkD/gtk/RadioToolButton.d" />
		<Unit filename="gtkD/gtk/Range.d" />
		<Unit filename="gtkD/gtk/RcStyle.d" />
		<Unit filename="gtkD/gtk/RecentAction.d" />
		<Unit filename="gtkD/gtk/RecentChooserDialog.d" />
		<Unit filename="gtkD/gtk/RecentChooserIF.d" />
		<Unit filename="gtkD/gtk/RecentChooserMenu.d" />
		<Unit filename="gtkD/gtk/RecentChooserT.d" />
		<Unit filename="gtkD/gtk/RecentChooserWidget.d" />
		<Unit filename="gtkD/gtk/RecentFilter.d" />
		<Unit filename="gtkD/gtk/RecentInfo.d" />
		<Unit filename="gtkD/gtk/RecentManager.d" />
		<Unit filename="gtkD/gtk/Ruler.d" />
		<Unit filename="gtkD/gtk/Scale.d" />
		<Unit filename="gtkD/gtk/ScaleButton.d" />
		<Unit filename="gtkD/gtk/Scrollbar.d" />
		<Unit filename="gtkD/gtk/ScrolledWindow.d" />
		<Unit filename="gtkD/gtk/Selections.d" />
		<Unit filename="gtkD/gtk/Separator.d" />
		<Unit filename="gtkD/gtk/SeparatorMenuItem.d" />
		<Unit filename="gtkD/gtk/SeparatorToolItem.d" />
		<Unit filename="gtkD/gtk/Settings.d" />
		<Unit filename="gtkD/gtk/Signals.d" />
		<Unit filename="gtkD/gtk/SizeGroup.d" />
		<Unit filename="gtkD/gtk/Socket.d" />
		<Unit filename="gtkD/gtk/SpinButton.d" />
		<Unit filename="gtkD/gtk/StandardEnumerations.d" />
		<Unit filename="gtkD/gtk/StatusIcon.d" />
		<Unit filename="gtkD/gtk/Statusbar.d" />
		<Unit filename="gtkD/gtk/StockItem.d" />
		<Unit filename="gtkD/gtk/Style.d" />
		<Unit filename="gtkD/gtk/Table.d" />
		<Unit filename="gtkD/gtk/TargetList.d" />
		<Unit filename="gtkD/gtk/TearoffMenuItem.d" />
		<Unit filename="gtkD/gtk/Testing.d" />
		<Unit filename="gtkD/gtk/TextAttributes.d" />
		<Unit filename="gtkD/gtk/TextBuffer.d" />
		<Unit filename="gtkD/gtk/TextChildAnchor.d" />
		<Unit filename="gtkD/gtk/TextIter.d" />
		<Unit filename="gtkD/gtk/TextMark.d" />
		<Unit filename="gtkD/gtk/TextTag.d" />
		<Unit filename="gtkD/gtk/TextTagTable.d" />
		<Unit filename="gtkD/gtk/TextView.d" />
		<Unit filename="gtkD/gtk/Timeout.d" />
		<Unit filename="gtkD/gtk/ToggleAction.d" />
		<Unit filename="gtkD/gtk/ToggleButton.d" />
		<Unit filename="gtkD/gtk/ToggleToolButton.d" />
		<Unit filename="gtkD/gtk/ToolButton.d" />
		<Unit filename="gtkD/gtk/ToolItem.d" />
		<Unit filename="gtkD/gtk/Toolbar.d" />
		<Unit filename="gtkD/gtk/Tooltip.d" />
		<Unit filename="gtkD/gtk/Tooltips.d" />
		<Unit filename="gtkD/gtk/TreeDragDestIF.d" />
		<Unit filename="gtkD/gtk/TreeDragDestT.d" />
		<Unit filename="gtkD/gtk/TreeDragSourceIF.d" />
		<Unit filename="gtkD/gtk/TreeDragSourceT.d" />
		<Unit filename="gtkD/gtk/TreeIter.d" />
		<Unit filename="gtkD/gtk/TreeIterError.d" />
		<Unit filename="gtkD/gtk/TreeModel.d" />
		<Unit filename="gtkD/gtk/TreeModelFilter.d" />
		<Unit filename="gtkD/gtk/TreeModelIF.d" />
		<Unit filename="gtkD/gtk/TreeModelSort.d" />
		<Unit filename="gtkD/gtk/TreeModelT.d" />
		<Unit filename="gtkD/gtk/TreeNode.d" />
		<Unit filename="gtkD/gtk/TreePath.d" />
		<Unit filename="gtkD/gtk/TreeRowReference.d" />
		<Unit filename="gtkD/gtk/TreeSelection.d" />
		<Unit filename="gtkD/gtk/TreeSortableIF.d" />
		<Unit filename="gtkD/gtk/TreeSortableT.d" />
		<Unit filename="gtkD/gtk/TreeStore.d" />
		<Unit filename="gtkD/gtk/TreeView.d" />
		<Unit filename="gtkD/gtk/TreeViewColumn.d" />
		<Unit filename="gtkD/gtk/Types.d" />
		<Unit filename="gtkD/gtk/UIManager.d" />
		<Unit filename="gtkD/gtk/VBox.d" />
		<Unit filename="gtkD/gtk/VButtonBox.d" />
		<Unit filename="gtkD/gtk/VPaned.d" />
		<Unit filename="gtkD/gtk/VRuler.d" />
		<Unit filename="gtkD/gtk/VScale.d" />
		<Unit filename="gtkD/gtk/VScrollbar.d" />
		<Unit filename="gtkD/gtk/VSeparator.d" />
		<Unit filename="gtkD/gtk/Version.d" />
		<Unit filename="gtkD/gtk/Viewport.d" />
		<Unit filename="gtkD/gtk/VolumeButton.d" />
		<Unit filename="gtkD/gtk/Widget.d" />
		<Unit filename="gtkD/gtk/Window.d" />
		<Unit filename="gtkD/gtk/WindowGroup.d" />
		<Unit filename="gtkD/gtkc/Loader.d" />
		<Unit filename="gtkD/gtkc/all.d" />
		<Unit filename="gtkD/gtkc/atk.d" />
		<Unit filename="gtkD/gtkc/atktypes.d" />
		<Unit filename="gtkD/gtkc/cairo.d" />
		<Unit filename="gtkD/gtkc/cairotypes.d" />
		<Unit filename="gtkD/gtkc/gdk.d" />
		<Unit filename="gtkD/gtkc/gdkpixbuf.d" />
		<Unit filename="gtkD/gtkc/gdkpixbuftypes.d" />
		<Unit filename="gtkD/gtkc/gdktypes.d" />
		<Unit filename="gtkD/gtkc/gio.d" />
		<Unit filename="gtkD/gtkc/giotypes.d" />
		<Unit filename="gtkD/gtkc/glade.d" />
		<Unit filename="gtkD/gtkc/gladetypes.d" />
		<Unit filename="gtkD/gtkc/glib.d" />
		<Unit filename="gtkD/gtkc/glibtypes.d" />
		<Unit filename="gtkD/gtkc/gobject.d" />
		<Unit filename="gtkD/gtkc/gobjecttypes.d" />
		<Unit filename="gtkD/gtkc/gthread.d" />
		<Unit filename="gtkD/gtkc/gthreadtypes.d" />
		<Unit filename="gtkD/gtkc/gtk.d" />
		<Unit filename="gtkD/gtkc/gtktypes.d" />
		<Unit filename="gtkD/gtkc/pango.d" />
		<Unit filename="gtkD/gtkc/pangotypes.d" />
		<Unit filename="gtkD/gtkc/paths.d" />
		<Unit filename="gtkD/gtkglc/gl.d" />
		<Unit filename="gtkD/gtkglc/glgdk.d" />
		<Unit filename="gtkD/gtkglc/glgdktypes.d" />
		<Unit filename="gtkD/gtkglc/glgtk.d" />
		<Unit filename="gtkD/gtkglc/glgtktypes.d" />
		<Unit filename="gtkD/gtkglc/glu.d" />
		<Unit filename="gtkD/pango/PgAttribute.d" />
		<Unit filename="gtkD/pango/PgAttributeIterator.d" />
		<Unit filename="gtkD/pango/PgAttributeList.d" />
		<Unit filename="gtkD/pango/PgCairo.d" />
		<Unit filename="gtkD/pango/PgCairoFontMap.d" />
		<Unit filename="gtkD/pango/PgColor.d" />
		<Unit filename="gtkD/pango/PgContext.d" />
		<Unit filename="gtkD/pango/PgCoverage.d" />
		<Unit filename="gtkD/pango/PgEngine.d" />
		<Unit filename="gtkD/pango/PgEngineLang.d" />
		<Unit filename="gtkD/pango/PgEngineShape.d" />
		<Unit filename="gtkD/pango/PgFont.d" />
		<Unit filename="gtkD/pango/PgFontDescription.d" />
		<Unit filename="gtkD/pango/PgFontFace.d" />
		<Unit filename="gtkD/pango/PgFontFamily.d" />
		<Unit filename="gtkD/pango/PgFontMap.d" />
		<Unit filename="gtkD/pango/PgFontMetrics.d" />
		<Unit filename="gtkD/pango/PgFontset.d" />
		<Unit filename="gtkD/pango/PgFontsetSimple.d" />
		<Unit filename="gtkD/pango/PgGlyphItem.d" />
		<Unit filename="gtkD/pango/PgGlyphItemIter.d" />
		<Unit filename="gtkD/pango/PgGlyphString.d" />
		<Unit filename="gtkD/pango/PgItem.d" />
		<Unit filename="gtkD/pango/PgLanguage.d" />
		<Unit filename="gtkD/pango/PgLayout.d" />
		<Unit filename="gtkD/pango/PgLayoutIter.d" />
		<Unit filename="gtkD/pango/PgLayoutLine.d" />
		<Unit filename="gtkD/pango/PgMatrix.d" />
		<Unit filename="gtkD/pango/PgMiscellaneous.d" />
		<Unit filename="gtkD/pango/PgRenderer.d" />
		<Unit filename="gtkD/pango/PgScript.d" />
		<Unit filename="gtkD/pango/PgScriptIter.d" />
		<Unit filename="gtkD/pango/PgTabArray.d" />
		<Unit filename="gtkD/pango/PgVersion.d" />
		<Unit filename="gtkD/pango/PgVertical.d" />
		<Extensions>
			<code_completion />
			<envvars />
			<debugger />
			<lib_finder disable_auto="1" />
		</Extensions>
	</Project>
</CodeBlocks_project_file>
