<?xml version="1.0" encoding="UTF-8" standalone="yes" ?>
<CodeBlocks_project_file>
	<FileVersion major="1" minor="6" />
	<Project>
		<Option title="GtkDImports" />
		<Option pch_mode="2" />
		<Option compiler="dmd" />
		<Build>
			<Target title="Debug">
				<Option output="bin/Debug/GtkDImports_dbg" prefix_auto="1" extension_auto="1" />
				<Option working_dir="" />
				<Option object_output="obj/Debug/" />
				<Option type="2" />
				<Option compiler="dmd" />
				<Option createDefFile="1" />
				<Compiler>
					<Add option="-g" />
					<Add option="-debug" />
				</Compiler>
			</Target>
			<Target title="Release">
				<Option output="bin/Release/GtkDImports" prefix_auto="1" extension_auto="1" />
				<Option working_dir="" />
				<Option object_output="obj/Release/" />
				<Option type="2" />
				<Option compiler="dmd" />
				<Option createDefFile="1" />
				<Compiler>
					<Add option="-O" />
				</Compiler>
			</Target>
		</Build>
		<Unit filename="../import/atk/Action.d" />
		<Unit filename="../import/atk/Component.d" />
		<Unit filename="../import/atk/Document.d" />
		<Unit filename="../import/atk/EditableText.d" />
		<Unit filename="../import/atk/GObjectAccessible.d" />
		<Unit filename="../import/atk/Hyperlink.d" />
		<Unit filename="../import/atk/Hypertext.d" />
		<Unit filename="../import/atk/Image.d" />
		<Unit filename="../import/atk/NoOpObject.d" />
		<Unit filename="../import/atk/NoOpObjectFactory.d" />
		<Unit filename="../import/atk/ObjectAtk.d" />
		<Unit filename="../import/atk/ObjectFactory.d" />
		<Unit filename="../import/atk/Registry.d" />
		<Unit filename="../import/atk/Relation.d" />
		<Unit filename="../import/atk/RelationSet.d" />
		<Unit filename="../import/atk/Selection.d" />
		<Unit filename="../import/atk/State.d" />
		<Unit filename="../import/atk/StateSet.d" />
		<Unit filename="../import/atk/StreamableContent.d" />
		<Unit filename="../import/atk/Table.d" />
		<Unit filename="../import/atk/Text.d" />
		<Unit filename="../import/atk/Util.d" />
		<Unit filename="../import/atk/ValueAtk.d" />
		<Unit filename="../import/cairo/Context.d" />
		<Unit filename="../import/cairo/FontFace.d" />
		<Unit filename="../import/cairo/FontOption.d" />
		<Unit filename="../import/cairo/ImageSurface.d" />
		<Unit filename="../import/cairo/Matrix.d" />
		<Unit filename="../import/cairo/Pattern.d" />
		<Unit filename="../import/cairo/PdfSurface.d" />
		<Unit filename="../import/cairo/PostScriptSurface.d" />
		<Unit filename="../import/cairo/ScaledFont.d" />
		<Unit filename="../import/cairo/Status.d" />
		<Unit filename="../import/cairo/Surface.d" />
		<Unit filename="../import/cairo/SvgSurface.d" />
		<Unit filename="../import/cairo/Types.d" />
		<Unit filename="../import/cairo/UserFontFace.d" />
		<Unit filename="../import/cairo/Version.d" />
		<Unit filename="../import/gda/Blob.d" />
		<Unit filename="../import/gda/Client.d" />
		<Unit filename="../import/gda/Command.d" />
		<Unit filename="../import/gda/Config.d" />
		<Unit filename="../import/gda/Connection.d" />
		<Unit filename="../import/gda/DataModel.d" />
		<Unit filename="../import/gda/DataModelArray.d" />
		<Unit filename="../import/gda/DataModelHash.d" />
		<Unit filename="../import/gda/DataModelList.d" />
		<Unit filename="../import/gda/DataSourceInfo.d" />
		<Unit filename="../import/gda/ErrorGda.d" />
		<Unit filename="../import/gda/Export.d" />
		<Unit filename="../import/gda/FieldAttributes.d" />
		<Unit filename="../import/gda/Gda.d" />
		<Unit filename="../import/gda/Log.d" />
		<Unit filename="../import/gda/Parameter.d" />
		<Unit filename="../import/gda/ParameterList.d" />
		<Unit filename="../import/gda/ProviderInfo.d" />
		<Unit filename="../import/gda/QuarkList.d" />
		<Unit filename="../import/gda/Row.d" />
		<Unit filename="../import/gda/Select.d" />
		<Unit filename="../import/gda/Table.d" />
		<Unit filename="../import/gda/Transaction.d" />
		<Unit filename="../import/gda/Value.d" />
		<Unit filename="../import/gdac/gda.d" />
		<Unit filename="../import/gdac/gdatypes.d" />
		<Unit filename="../import/gdk/AppLaunchContext.d" />
		<Unit filename="../import/gdk/Bitmap.d" />
		<Unit filename="../import/gdk/Color.d" />
		<Unit filename="../import/gdk/Colormap.d" />
		<Unit filename="../import/gdk/Cursor.d" />
		<Unit filename="../import/gdk/Device.d" />
		<Unit filename="../import/gdk/Display.d" />
		<Unit filename="../import/gdk/DisplayManager.d" />
		<Unit filename="../import/gdk/DragContext.d" />
		<Unit filename="../import/gdk/Drawable.d" />
		<Unit filename="../import/gdk/Event.d" />
		<Unit filename="../import/gdk/EventStruct.d" />
		<Unit filename="../import/gdk/Font.d" />
		<Unit filename="../import/gdk/GC.d" />
		<Unit filename="../import/gdk/Gdk.d" />
		<Unit filename="../import/gdk/GdkCairo.d" />
		<Unit filename="../import/gdk/ImageGdk.d" />
		<Unit filename="../import/gdk/Input.d" />
		<Unit filename="../import/gdk/Keymap.d" />
		<Unit filename="../import/gdk/Keysyms.d" />
		<Unit filename="../import/gdk/Pixbuf.d" />
		<Unit filename="../import/gdk/Pixmap.d" />
		<Unit filename="../import/gdk/RGB.d" />
		<Unit filename="../import/gdk/Rectangle.d" />
		<Unit filename="../import/gdk/Region.d" />
		<Unit filename="../import/gdk/RgbCmap.d" />
		<Unit filename="../import/gdk/Screen.d" />
		<Unit filename="../import/gdk/Selection.d" />
		<Unit filename="../import/gdk/Testing.d" />
		<Unit filename="../import/gdk/Threads.d" />
		<Unit filename="../import/gdk/Visual.d" />
		<Unit filename="../import/gdk/Window.d" />
		<Unit filename="../import/gdk/X11.d" />
		<Unit filename="../import/gdkpixbuf/PixbufAnimation.d" />
		<Unit filename="../import/gdkpixbuf/PixbufAnimationIter.d" />
		<Unit filename="../import/gdkpixbuf/PixbufFormat.d" />
		<Unit filename="../import/gdkpixbuf/PixbufLoader.d" />
		<Unit filename="../import/gdkpixbuf/PixbufSimpleAnimation.d" />
		<Unit filename="../import/gdkpixbuf/Pixdata.d" />
		<Unit filename="../import/gio/AppInfo.d" />
		<Unit filename="../import/gio/AppInfoIF.d" />
		<Unit filename="../import/gio/AppInfoT.d" />
		<Unit filename="../import/gio/AppLaunchContext.d" />
		<Unit filename="../import/gio/AsyncInitableIF.d" />
		<Unit filename="../import/gio/AsyncInitableT.d" />
		<Unit filename="../import/gio/AsyncResultIF.d" />
		<Unit filename="../import/gio/AsyncResultT.d" />
		<Unit filename="../import/gio/BufferedInputStream.d" />
		<Unit filename="../import/gio/BufferedOutputStream.d" />
		<Unit filename="../import/gio/Cancellable.d" />
		<Unit filename="../import/gio/ContentType.d" />
		<Unit filename="../import/gio/DataInputStream.d" />
		<Unit filename="../import/gio/DataOutputStream.d" />
		<Unit filename="../import/gio/DesktopAppInfo.d" />
		<Unit filename="../import/gio/Drive.d" />
		<Unit filename="../import/gio/DriveIF.d" />
		<Unit filename="../import/gio/DriveT.d" />
		<Unit filename="../import/gio/Emblem.d" />
		<Unit filename="../import/gio/EmblemedIcon.d" />
		<Unit filename="../import/gio/ErrorGIO.d" />
		<Unit filename="../import/gio/File.d" />
		<Unit filename="../import/gio/FileAttributeInfoList.d" />
		<Unit filename="../import/gio/FileAttributeMatcher.d" />
		<Unit filename="../import/gio/FileEnumerator.d" />
		<Unit filename="../import/gio/FileIOStream.d" />
		<Unit filename="../import/gio/FileIcon.d" />
		<Unit filename="../import/gio/FileInfo.d" />
		<Unit filename="../import/gio/FileInputStream.d" />
		<Unit filename="../import/gio/FileMonitor.d" />
		<Unit filename="../import/gio/FileOutputStream.d" />
		<Unit filename="../import/gio/FilenameCompleter.d" />
		<Unit filename="../import/gio/FilterInputStream.d" />
		<Unit filename="../import/gio/FilterOutputStream.d" />
		<Unit filename="../import/gio/IOExtension.d" />
		<Unit filename="../import/gio/IOExtensionPoint.d" />
		<Unit filename="../import/gio/IOModule.d" />
		<Unit filename="../import/gio/IOSchedulerJob.d" />
		<Unit filename="../import/gio/IOStream.d" />
		<Unit filename="../import/gio/Icon.d" />
		<Unit filename="../import/gio/IconIF.d" />
		<Unit filename="../import/gio/IconT.d" />
		<Unit filename="../import/gio/InetAddress.d" />
		<Unit filename="../import/gio/InetSocketAddress.d" />
		<Unit filename="../import/gio/InitableIF.d" />
		<Unit filename="../import/gio/InitableT.d" />
		<Unit filename="../import/gio/InputStream.d" />
		<Unit filename="../import/gio/LoadableIconIF.d" />
		<Unit filename="../import/gio/LoadableIconT.d" />
		<Unit filename="../import/gio/MemoryInputStream.d" />
		<Unit filename="../import/gio/MemoryOutputStream.d" />
		<Unit filename="../import/gio/Mount.d" />
		<Unit filename="../import/gio/MountIF.d" />
		<Unit filename="../import/gio/MountOperation.d" />
		<Unit filename="../import/gio/MountT.d" />
		<Unit filename="../import/gio/NetworkAddress.d" />
		<Unit filename="../import/gio/NetworkService.d" />
		<Unit filename="../import/gio/OutputStream.d" />
		<Unit filename="../import/gio/Resolver.d" />
		<Unit filename="../import/gio/SeekableIF.d" />
		<Unit filename="../import/gio/SeekableT.d" />
		<Unit filename="../import/gio/SimpleAsyncResult.d" />
		<Unit filename="../import/gio/Socket.d" />
		<Unit filename="../import/gio/SocketAddress.d" />
		<Unit filename="../import/gio/SocketAddressEnumerator.d" />
		<Unit filename="../import/gio/SocketClient.d" />
		<Unit filename="../import/gio/SocketConnectableIF.d" />
		<Unit filename="../import/gio/SocketConnectableT.d" />
		<Unit filename="../import/gio/SocketConnection.d" />
		<Unit filename="../import/gio/SocketControlMessage.d" />
		<Unit filename="../import/gio/SocketListener.d" />
		<Unit filename="../import/gio/SocketService.d" />
		<Unit filename="../import/gio/SrvTarget.d" />
		<Unit filename="../import/gio/TcpConnection.d" />
		<Unit filename="../import/gio/ThemedIcon.d" />
		<Unit filename="../import/gio/ThreadedSocketService.d" />
		<Unit filename="../import/gio/UnixConnection.d" />
		<Unit filename="../import/gio/UnixFDMessage.d" />
		<Unit filename="../import/gio/UnixInputStream.d" />
		<Unit filename="../import/gio/UnixMountEntry.d" />
		<Unit filename="../import/gio/UnixMountMonitor.d" />
		<Unit filename="../import/gio/UnixMountPoint.d" />
		<Unit filename="../import/gio/UnixOutputStream.d" />
		<Unit filename="../import/gio/UnixSocketAddress.d" />
		<Unit filename="../import/gio/Vfs.d" />
		<Unit filename="../import/gio/Volume.d" />
		<Unit filename="../import/gio/VolumeIF.d" />
		<Unit filename="../import/gio/VolumeMonitor.d" />
		<Unit filename="../import/gio/VolumeT.d" />
		<Unit filename="../import/glade/Glade.d" />
		<Unit filename="../import/glgdk/GLConfig.d" />
		<Unit filename="../import/glgdk/GLContext.d" />
		<Unit filename="../import/glgdk/GLDraw.d" />
		<Unit filename="../import/glgdk/GLDrawable.d" />
		<Unit filename="../import/glgdk/GLFont.d" />
		<Unit filename="../import/glgdk/GLPixmap.d" />
		<Unit filename="../import/glgdk/GLQuery.d" />
		<Unit filename="../import/glgdk/GLTokens.d" />
		<Unit filename="../import/glgdk/GLWindow.d" />
		<Unit filename="../import/glgdk/GLdInit.d" />
		<Unit filename="../import/glgdk/GLdVersion.d" />
		<Unit filename="../import/glgtk/GLCapability.d" />
		<Unit filename="../import/glgtk/GLWidget.d" />
		<Unit filename="../import/glgtk/GLtInit.d" />
		<Unit filename="../import/glgtk/GLtVersion.d" />
		<Unit filename="../import/glib/Allocator.d" />
		<Unit filename="../import/glib/ArrayG.d" />
		<Unit filename="../import/glib/AsyncQueue.d" />
		<Unit filename="../import/glib/Atomic.d" />
		<Unit filename="../import/glib/BBTree.d" />
		<Unit filename="../import/glib/Base64.d" />
		<Unit filename="../import/glib/BookmarkFile.d" />
		<Unit filename="../import/glib/ByteArray.d" />
		<Unit filename="../import/glib/Cache.d" />
		<Unit filename="../import/glib/CharacterSet.d" />
		<Unit filename="../import/glib/Checksum.d" />
		<Unit filename="../import/glib/Child.d" />
		<Unit filename="../import/glib/ConstructionException.d" />
		<Unit filename="../import/glib/DataList.d" />
		<Unit filename="../import/glib/Dataset.d" />
		<Unit filename="../import/glib/Date.d" />
		<Unit filename="../import/glib/Directory.d" />
		<Unit filename="../import/glib/ErrorG.d" />
		<Unit filename="../import/glib/FileUtils.d" />
		<Unit filename="../import/glib/GException.d" />
		<Unit filename="../import/glib/GLib.d" />
		<Unit filename="../import/glib/HashTable.d" />
		<Unit filename="../import/glib/HashTableIter.d" />
		<Unit filename="../import/glib/Hostname.d" />
		<Unit filename="../import/glib/IOChannel.d" />
		<Unit filename="../import/glib/Idle.d" />
		<Unit filename="../import/glib/Internationalization.d" />
		<Unit filename="../import/glib/KeyFile.d" />
		<Unit filename="../import/glib/ListG.d" />
		<Unit filename="../import/glib/ListSG.d" />
		<Unit filename="../import/glib/MainContext.d" />
		<Unit filename="../import/glib/MainLoop.d" />
		<Unit filename="../import/glib/MappedFile.d" />
		<Unit filename="../import/glib/MatchInfo.d" />
		<Unit filename="../import/glib/Memory.d" />
		<Unit filename="../import/glib/MemoryChunk.d" />
		<Unit filename="../import/glib/MemorySlice.d" />
		<Unit filename="../import/glib/MessageLog.d" />
		<Unit filename="../import/glib/Messages.d" />
		<Unit filename="../import/glib/Module.d" />
		<Unit filename="../import/glib/Node.d" />
		<Unit filename="../import/glib/OptionContext.d" />
		<Unit filename="../import/glib/OptionGroup.d" />
		<Unit filename="../import/glib/Pattern.d" />
		<Unit filename="../import/glib/PtrArray.d" />
		<Unit filename="../import/glib/Quark.d" />
		<Unit filename="../import/glib/QueueG.d" />
		<Unit filename="../import/glib/RandG.d" />
		<Unit filename="../import/glib/Regex.d" />
		<Unit filename="../import/glib/Relation.d" />
		<Unit filename="../import/glib/ScannerG.d" />
		<Unit filename="../import/glib/Sequence.d" />
		<Unit filename="../import/glib/SequenceIter.d" />
		<Unit filename="../import/glib/ShellUtils.d" />
		<Unit filename="../import/glib/SimpleXML.d" />
		<Unit filename="../import/glib/Source.d" />
		<Unit filename="../import/glib/Spawn.d" />
		<Unit filename="../import/glib/Str.d" />
		<Unit filename="../import/glib/StringCompletion.d" />
		<Unit filename="../import/glib/StringG.d" />
		<Unit filename="../import/glib/StringGChunk.d" />
		<Unit filename="../import/glib/ThreadPool.d" />
		<Unit filename="../import/glib/TimeVal.d" />
		<Unit filename="../import/glib/Timeout.d" />
		<Unit filename="../import/glib/Timer.d" />
		<Unit filename="../import/glib/TrashStack.d" />
		<Unit filename="../import/glib/Tuples.d" />
		<Unit filename="../import/glib/URI.d" />
		<Unit filename="../import/glib/Unicode.d" />
		<Unit filename="../import/glib/Util.d" />
		<Unit filename="../import/glib/WindowsUtils.d" />
		<Unit filename="../import/gobject/Boxed.d" />
		<Unit filename="../import/gobject/CClosure.d" />
		<Unit filename="../import/gobject/Closure.d" />
		<Unit filename="../import/gobject/Enums.d" />
		<Unit filename="../import/gobject/Flags.d" />
		<Unit filename="../import/gobject/ObjectG.d" />
		<Unit filename="../import/gobject/ParamSpec.d" />
		<Unit filename="../import/gobject/ParamSpecPool.d" />
		<Unit filename="../import/gobject/Signals.d" />
		<Unit filename="../import/gobject/Type.d" />
		<Unit filename="../import/gobject/TypeModule.d" />
		<Unit filename="../import/gobject/TypePlugin.d" />
		<Unit filename="../import/gobject/Value.d" />
		<Unit filename="../import/gobject/ValueArray.d" />
		<Unit filename="../import/gstinterfaces/XOverlay.d" />
		<Unit filename="../import/gstreamer/Bin.d" />
		<Unit filename="../import/gstreamer/Buffer.d" />
		<Unit filename="../import/gstreamer/Bus.d" />
		<Unit filename="../import/gstreamer/Caps.d" />
		<Unit filename="../import/gstreamer/Clock.d" />
		<Unit filename="../import/gstreamer/Element.d" />
		<Unit filename="../import/gstreamer/ElementFactory.d" />
		<Unit filename="../import/gstreamer/Event.d" />
		<Unit filename="../import/gstreamer/Format.d" />
		<Unit filename="../import/gstreamer/GError.d" />
		<Unit filename="../import/gstreamer/GhostPad.d" />
		<Unit filename="../import/gstreamer/ImplementsInterface.d" />
		<Unit filename="../import/gstreamer/Index.d" />
		<Unit filename="../import/gstreamer/IndexFactory.d" />
		<Unit filename="../import/gstreamer/Iterator.d" />
		<Unit filename="../import/gstreamer/Message.d" />
		<Unit filename="../import/gstreamer/MiniObject.d" />
		<Unit filename="../import/gstreamer/ObjectGst.d" />
		<Unit filename="../import/gstreamer/Pad.d" />
		<Unit filename="../import/gstreamer/PadTemplate.d" />
		<Unit filename="../import/gstreamer/Parse.d" />
		<Unit filename="../import/gstreamer/Pipeline.d" />
		<Unit filename="../import/gstreamer/Plugin.d" />
		<Unit filename="../import/gstreamer/PluginFeature.d" />
		<Unit filename="../import/gstreamer/Query.d" />
		<Unit filename="../import/gstreamer/Registry.d" />
		<Unit filename="../import/gstreamer/Segment.d" />
		<Unit filename="../import/gstreamer/Structure.d" />
		<Unit filename="../import/gstreamer/SystemClock.d" />
		<Unit filename="../import/gstreamer/TagList.d" />
		<Unit filename="../import/gstreamer/TagSetter.d" />
		<Unit filename="../import/gstreamer/Task.d" />
		<Unit filename="../import/gstreamer/TypeFind.d" />
		<Unit filename="../import/gstreamer/TypeFindFactory.d" />
		<Unit filename="../import/gstreamer/gstreamer.d" />
		<Unit filename="../import/gstreamerc/gstinterfaces.d" />
		<Unit filename="../import/gstreamerc/gstinterfacestypes.d" />
		<Unit filename="../import/gstreamerc/gstreamer.d" />
		<Unit filename="../import/gstreamerc/gstreamertypes.d" />
		<Unit filename="../import/gsv/SourceBuffer.d" />
		<Unit filename="../import/gsv/SourceGutter.d" />
		<Unit filename="../import/gsv/SourceLanguage.d" />
		<Unit filename="../import/gsv/SourceLanguageManager.d" />
		<Unit filename="../import/gsv/SourceMark.d" />
		<Unit filename="../import/gsv/SourcePrintCompositor.d" />
		<Unit filename="../import/gsv/SourceSearch.d" />
		<Unit filename="../import/gsv/SourceStyle.d" />
		<Unit filename="../import/gsv/SourceStyleScheme.d" />
		<Unit filename="../import/gsv/SourceStyleSchemeManager.d" />
		<Unit filename="../import/gsv/SourceView.d" />
		<Unit filename="../import/gsvc/gsv.d" />
		<Unit filename="../import/gsvc/gsvtypes.d" />
		<Unit filename="../import/gthread/Cond.d" />
		<Unit filename="../import/gthread/Mutex.d" />
		<Unit filename="../import/gthread/Private.d" />
		<Unit filename="../import/gthread/RWLock.d" />
		<Unit filename="../import/gthread/StaticMutex.d" />
		<Unit filename="../import/gthread/StaticPrivate.d" />
		<Unit filename="../import/gthread/StaticRecMutex.d" />
		<Unit filename="../import/gthread/Thread.d" />
		<Unit filename="../import/gtk/AboutDialog.d" />
		<Unit filename="../import/gtk/AccelGroup.d" />
		<Unit filename="../import/gtk/AccelLabel.d" />
		<Unit filename="../import/gtk/AccelMap.d" />
		<Unit filename="../import/gtk/Accessible.d" />
		<Unit filename="../import/gtk/Action.d" />
		<Unit filename="../import/gtk/ActionGroup.d" />
		<Unit filename="../import/gtk/ActivatableIF.d" />
		<Unit filename="../import/gtk/ActivatableT.d" />
		<Unit filename="../import/gtk/Adjustment.d" />
		<Unit filename="../import/gtk/Alignment.d" />
		<Unit filename="../import/gtk/Arrow.d" />
		<Unit filename="../import/gtk/AspectFrame.d" />
		<Unit filename="../import/gtk/Assistant.d" />
		<Unit filename="../import/gtk/Bin.d" />
		<Unit filename="../import/gtk/BindingSet.d" />
		<Unit filename="../import/gtk/Border.d" />
		<Unit filename="../import/gtk/Box.d" />
		<Unit filename="../import/gtk/BuildableIF.d" />
		<Unit filename="../import/gtk/BuildableT.d" />
		<Unit filename="../import/gtk/Builder.d" />
		<Unit filename="../import/gtk/Button.d" />
		<Unit filename="../import/gtk/ButtonBox.d" />
		<Unit filename="../import/gtk/Calendar.d" />
		<Unit filename="../import/gtk/CellEditable.d" />
		<Unit filename="../import/gtk/CellEditableIF.d" />
		<Unit filename="../import/gtk/CellEditableT.d" />
		<Unit filename="../import/gtk/CellLayoutIF.d" />
		<Unit filename="../import/gtk/CellLayoutT.d" />
		<Unit filename="../import/gtk/CellRenderer.d" />
		<Unit filename="../import/gtk/CellRendererAccel.d" />
		<Unit filename="../import/gtk/CellRendererCombo.d" />
		<Unit filename="../import/gtk/CellRendererPixbuf.d" />
		<Unit filename="../import/gtk/CellRendererProgress.d" />
		<Unit filename="../import/gtk/CellRendererSpin.d" />
		<Unit filename="../import/gtk/CellRendererText.d" />
		<Unit filename="../import/gtk/CellRendererToggle.d" />
		<Unit filename="../import/gtk/CellView.d" />
		<Unit filename="../import/gtk/CheckButton.d" />
		<Unit filename="../import/gtk/CheckMenuItem.d" />
		<Unit filename="../import/gtk/Clipboard.d" />
		<Unit filename="../import/gtk/ColorButton.d" />
		<Unit filename="../import/gtk/ColorSelection.d" />
		<Unit filename="../import/gtk/ColorSelectionDialog.d" />
		<Unit filename="../import/gtk/ComboBox.d" />
		<Unit filename="../import/gtk/ComboBoxEntry.d" />
		<Unit filename="../import/gtk/Container.d" />
		<Unit filename="../import/gtk/Curve.d" />
		<Unit filename="../import/gtk/Dialog.d" />
		<Unit filename="../import/gtk/DragAndDrop.d" />
		<Unit filename="../import/gtk/DrawingArea.d" />
		<Unit filename="../import/gtk/EditableIF.d" />
		<Unit filename="../import/gtk/EditableT.d" />
		<Unit filename="../import/gtk/Entry.d" />
		<Unit filename="../import/gtk/EntryBuffer.d" />
		<Unit filename="../import/gtk/EntryCompletion.d" />
		<Unit filename="../import/gtk/EventBox.d" />
		<Unit filename="../import/gtk/Expander.d" />
		<Unit filename="../import/gtk/FileChooserButton.d" />
		<Unit filename="../import/gtk/FileChooserDialog.d" />
		<Unit filename="../import/gtk/FileChooserIF.d" />
		<Unit filename="../import/gtk/FileChooserT.d" />
		<Unit filename="../import/gtk/FileChooserWidget.d" />
		<Unit filename="../import/gtk/FileFilter.d" />
		<Unit filename="../import/gtk/FileSelection.d" />
		<Unit filename="../import/gtk/Fixed.d" />
		<Unit filename="../import/gtk/FontButton.d" />
		<Unit filename="../import/gtk/FontSelection.d" />
		<Unit filename="../import/gtk/FontSelectionDialog.d" />
		<Unit filename="../import/gtk/Frame.d" />
		<Unit filename="../import/gtk/GCs.d" />
		<Unit filename="../import/gtk/GammaCurve.d" />
		<Unit filename="../import/gtk/HBox.d" />
		<Unit filename="../import/gtk/HButtonBox.d" />
		<Unit filename="../import/gtk/HPaned.d" />
		<Unit filename="../import/gtk/HRuler.d" />
		<Unit filename="../import/gtk/HScale.d" />
		<Unit filename="../import/gtk/HScrollbar.d" />
		<Unit filename="../import/gtk/HSeparator.d" />
		<Unit filename="../import/gtk/HandleBox.d" />
		<Unit filename="../import/gtk/IMContext.d" />
		<Unit filename="../import/gtk/IMContextSimple.d" />
		<Unit filename="../import/gtk/IMMulticontext.d" />
		<Unit filename="../import/gtk/IconFactory.d" />
		<Unit filename="../import/gtk/IconInfo.d" />
		<Unit filename="../import/gtk/IconSet.d" />
		<Unit filename="../import/gtk/IconSize.d" />
		<Unit filename="../import/gtk/IconSource.d" />
		<Unit filename="../import/gtk/IconTheme.d" />
		<Unit filename="../import/gtk/IconView.d" />
		<Unit filename="../import/gtk/Idle.d" />
		<Unit filename="../import/gtk/Image.d" />
		<Unit filename="../import/gtk/ImageMenuItem.d" />
		<Unit filename="../import/gtk/InfoBar.d" />
		<Unit filename="../import/gtk/InputDialog.d" />
		<Unit filename="../import/gtk/Invisible.d" />
		<Unit filename="../import/gtk/Item.d" />
		<Unit filename="../import/gtk/ItemFactory.d" />
		<Unit filename="../import/gtk/Label.d" />
		<Unit filename="../import/gtk/Layout.d" />
		<Unit filename="../import/gtk/LinkButton.d" />
		<Unit filename="../import/gtk/ListStore.d" />
		<Unit filename="../import/gtk/Main.d" />
		<Unit filename="../import/gtk/MainWindow.d" />
		<Unit filename="../import/gtk/Menu.d" />
		<Unit filename="../import/gtk/MenuBar.d" />
		<Unit filename="../import/gtk/MenuItem.d" />
		<Unit filename="../import/gtk/MenuShell.d" />
		<Unit filename="../import/gtk/MenuToolButton.d" />
		<Unit filename="../import/gtk/MessageDialog.d" />
		<Unit filename="../import/gtk/Misc.d" />
		<Unit filename="../import/gtk/MountOperation.d" />
		<Unit filename="../import/gtk/Notebook.d" />
		<Unit filename="../import/gtk/ObjectGtk.d" />
		<Unit filename="../import/gtk/OrientableIF.d" />
		<Unit filename="../import/gtk/OrientableT.d" />
		<Unit filename="../import/gtk/PageSetup.d" />
		<Unit filename="../import/gtk/PageSetupUnixDialog.d" />
		<Unit filename="../import/gtk/Paned.d" />
		<Unit filename="../import/gtk/PaperSize.d" />
		<Unit filename="../import/gtk/Plug.d" />
		<Unit filename="../import/gtk/PopupBox.d" />
		<Unit filename="../import/gtk/PrintContext.d" />
		<Unit filename="../import/gtk/PrintJob.d" />
		<Unit filename="../import/gtk/PrintOperation.d" />
		<Unit filename="../import/gtk/PrintOperationPreviewIF.d" />
		<Unit filename="../import/gtk/PrintOperationPreviewT.d" />
		<Unit filename="../import/gtk/PrintSettings.d" />
		<Unit filename="../import/gtk/PrintUnixDialog.d" />
		<Unit filename="../import/gtk/Printer.d" />
		<Unit filename="../import/gtk/Progress.d" />
		<Unit filename="../import/gtk/ProgressBar.d" />
		<Unit filename="../import/gtk/RadioAction.d" />
		<Unit filename="../import/gtk/RadioButton.d" />
		<Unit filename="../import/gtk/RadioMenuItem.d" />
		<Unit filename="../import/gtk/RadioToolButton.d" />
		<Unit filename="../import/gtk/Range.d" />
		<Unit filename="../import/gtk/RcStyle.d" />
		<Unit filename="../import/gtk/RecentAction.d" />
		<Unit filename="../import/gtk/RecentChooserDialog.d" />
		<Unit filename="../import/gtk/RecentChooserIF.d" />
		<Unit filename="../import/gtk/RecentChooserMenu.d" />
		<Unit filename="../import/gtk/RecentChooserT.d" />
		<Unit filename="../import/gtk/RecentChooserWidget.d" />
		<Unit filename="../import/gtk/RecentFilter.d" />
		<Unit filename="../import/gtk/RecentInfo.d" />
		<Unit filename="../import/gtk/RecentManager.d" />
		<Unit filename="../import/gtk/Ruler.d" />
		<Unit filename="../import/gtk/Scale.d" />
		<Unit filename="../import/gtk/ScaleButton.d" />
		<Unit filename="../import/gtk/Scrollbar.d" />
		<Unit filename="../import/gtk/ScrolledWindow.d" />
		<Unit filename="../import/gtk/Selections.d" />
		<Unit filename="../import/gtk/Separator.d" />
		<Unit filename="../import/gtk/SeparatorMenuItem.d" />
		<Unit filename="../import/gtk/SeparatorToolItem.d" />
		<Unit filename="../import/gtk/Settings.d" />
		<Unit filename="../import/gtk/Signals.d" />
		<Unit filename="../import/gtk/SizeGroup.d" />
		<Unit filename="../import/gtk/Socket.d" />
		<Unit filename="../import/gtk/SpinButton.d" />
		<Unit filename="../import/gtk/StandardEnumerations.d" />
		<Unit filename="../import/gtk/StatusIcon.d" />
		<Unit filename="../import/gtk/Statusbar.d" />
		<Unit filename="../import/gtk/StockItem.d" />
		<Unit filename="../import/gtk/Style.d" />
		<Unit filename="../import/gtk/Table.d" />
		<Unit filename="../import/gtk/TargetList.d" />
		<Unit filename="../import/gtk/TearoffMenuItem.d" />
		<Unit filename="../import/gtk/Testing.d" />
		<Unit filename="../import/gtk/TextAttributes.d" />
		<Unit filename="../import/gtk/TextBuffer.d" />
		<Unit filename="../import/gtk/TextChildAnchor.d" />
		<Unit filename="../import/gtk/TextIter.d" />
		<Unit filename="../import/gtk/TextMark.d" />
		<Unit filename="../import/gtk/TextTag.d" />
		<Unit filename="../import/gtk/TextTagTable.d" />
		<Unit filename="../import/gtk/TextView.d" />
		<Unit filename="../import/gtk/Timeout.d" />
		<Unit filename="../import/gtk/ToggleAction.d" />
		<Unit filename="../import/gtk/ToggleButton.d" />
		<Unit filename="../import/gtk/ToggleToolButton.d" />
		<Unit filename="../import/gtk/ToolButton.d" />
		<Unit filename="../import/gtk/ToolItem.d" />
		<Unit filename="../import/gtk/Toolbar.d" />
		<Unit filename="../import/gtk/Tooltip.d" />
		<Unit filename="../import/gtk/Tooltips.d" />
		<Unit filename="../import/gtk/TreeDragDestIF.d" />
		<Unit filename="../import/gtk/TreeDragDestT.d" />
		<Unit filename="../import/gtk/TreeDragSourceIF.d" />
		<Unit filename="../import/gtk/TreeDragSourceT.d" />
		<Unit filename="../import/gtk/TreeIter.d" />
		<Unit filename="../import/gtk/TreeIterError.d" />
		<Unit filename="../import/gtk/TreeModel.d" />
		<Unit filename="../import/gtk/TreeModelFilter.d" />
		<Unit filename="../import/gtk/TreeModelIF.d" />
		<Unit filename="../import/gtk/TreeModelSort.d" />
		<Unit filename="../import/gtk/TreeModelT.d" />
		<Unit filename="../import/gtk/TreeNode.d" />
		<Unit filename="../import/gtk/TreePath.d" />
		<Unit filename="../import/gtk/TreeRowReference.d" />
		<Unit filename="../import/gtk/TreeSelection.d" />
		<Unit filename="../import/gtk/TreeSortableIF.d" />
		<Unit filename="../import/gtk/TreeSortableT.d" />
		<Unit filename="../import/gtk/TreeStore.d" />
		<Unit filename="../import/gtk/TreeView.d" />
		<Unit filename="../import/gtk/TreeViewColumn.d" />
		<Unit filename="../import/gtk/Types.d" />
		<Unit filename="../import/gtk/UIManager.d" />
		<Unit filename="../import/gtk/VBox.d" />
		<Unit filename="../import/gtk/VButtonBox.d" />
		<Unit filename="../import/gtk/VPaned.d" />
		<Unit filename="../import/gtk/VRuler.d" />
		<Unit filename="../import/gtk/VScale.d" />
		<Unit filename="../import/gtk/VScrollbar.d" />
		<Unit filename="../import/gtk/VSeparator.d" />
		<Unit filename="../import/gtk/Version.d" />
		<Unit filename="../import/gtk/Viewport.d" />
		<Unit filename="../import/gtk/VolumeButton.d" />
		<Unit filename="../import/gtk/Widget.d" />
		<Unit filename="../import/gtk/Window.d" />
		<Unit filename="../import/gtk/WindowGroup.d" />
		<Unit filename="../import/gtkc/Loader.d" />
		<Unit filename="../import/gtkc/all.d" />
		<Unit filename="../import/gtkc/atk.d" />
		<Unit filename="../import/gtkc/atktypes.d" />
		<Unit filename="../import/gtkc/cairo.d" />
		<Unit filename="../import/gtkc/cairotypes.d" />
		<Unit filename="../import/gtkc/gdk.d" />
		<Unit filename="../import/gtkc/gdkpixbuf.d" />
		<Unit filename="../import/gtkc/gdkpixbuftypes.d" />
		<Unit filename="../import/gtkc/gdktypes.d" />
		<Unit filename="../import/gtkc/gio.d" />
		<Unit filename="../import/gtkc/giotypes.d" />
		<Unit filename="../import/gtkc/glade.d" />
		<Unit filename="../import/gtkc/gladetypes.d" />
		<Unit filename="../import/gtkc/glib.d" />
		<Unit filename="../import/gtkc/glibtypes.d" />
		<Unit filename="../import/gtkc/gobject.d" />
		<Unit filename="../import/gtkc/gobjecttypes.d" />
		<Unit filename="../import/gtkc/gthread.d" />
		<Unit filename="../import/gtkc/gthreadtypes.d" />
		<Unit filename="../import/gtkc/gtk.d" />
		<Unit filename="../import/gtkc/gtktypes.d" />
		<Unit filename="../import/gtkc/pango.d" />
		<Unit filename="../import/gtkc/pangotypes.d" />
		<Unit filename="../import/gtkc/paths.d" />
		<Unit filename="../import/gtkglc/gl.d" />
		<Unit filename="../import/gtkglc/glgdk.d" />
		<Unit filename="../import/gtkglc/glgdktypes.d" />
		<Unit filename="../import/gtkglc/glgtk.d" />
		<Unit filename="../import/gtkglc/glgtktypes.d" />
		<Unit filename="../import/gtkglc/glu.d" />
		<Unit filename="../import/pango/PgAttribute.d" />
		<Unit filename="../import/pango/PgAttributeIterator.d" />
		<Unit filename="../import/pango/PgAttributeList.d" />
		<Unit filename="../import/pango/PgCairo.d" />
		<Unit filename="../import/pango/PgCairoFontMap.d" />
		<Unit filename="../import/pango/PgColor.d" />
		<Unit filename="../import/pango/PgContext.d" />
		<Unit filename="../import/pango/PgCoverage.d" />
		<Unit filename="../import/pango/PgEngine.d" />
		<Unit filename="../import/pango/PgEngineLang.d" />
		<Unit filename="../import/pango/PgEngineShape.d" />
		<Unit filename="../import/pango/PgFont.d" />
		<Unit filename="../import/pango/PgFontDescription.d" />
		<Unit filename="../import/pango/PgFontFace.d" />
		<Unit filename="../import/pango/PgFontFamily.d" />
		<Unit filename="../import/pango/PgFontMap.d" />
		<Unit filename="../import/pango/PgFontMetrics.d" />
		<Unit filename="../import/pango/PgFontset.d" />
		<Unit filename="../import/pango/PgFontsetSimple.d" />
		<Unit filename="../import/pango/PgGlyphItem.d" />
		<Unit filename="../import/pango/PgGlyphItemIter.d" />
		<Unit filename="../import/pango/PgGlyphString.d" />
		<Unit filename="../import/pango/PgItem.d" />
		<Unit filename="../import/pango/PgLanguage.d" />
		<Unit filename="../import/pango/PgLayout.d" />
		<Unit filename="../import/pango/PgLayoutIter.d" />
		<Unit filename="../import/pango/PgLayoutLine.d" />
		<Unit filename="../import/pango/PgMatrix.d" />
		<Unit filename="../import/pango/PgMiscellaneous.d" />
		<Unit filename="../import/pango/PgRenderer.d" />
		<Unit filename="../import/pango/PgScript.d" />
		<Unit filename="../import/pango/PgScriptIter.d" />
		<Unit filename="../import/pango/PgTabArray.d" />
		<Unit filename="../import/pango/PgVersion.d" />
		<Unit filename="../import/pango/PgVertical.d" />
		<Extensions>
			<code_completion />
			<envvars />
			<debugger />
			<lib_finder disable_auto="1" />
		</Extensions>
	</Project>
</CodeBlocks_project_file>
