<?xml version="1.0" encoding="UTF-8" standalone="yes" ?>
<CodeBlocks_project_file>
	<FileVersion major="1" minor="6" />
	<Project>
		<Option title="LLVMDLL" />
		<Option pch_mode="2" />
		<Option compiler="clang" />
		<Build>
			<Target title="Debug Win32">
				<Option output="Debug/$Dinrus" prefix_auto="1" extension_auto="1" />
				<Option object_output="Debug/" />
				<Option deps_output="Debug/" />
				<Option type="3" />
				<Option compiler="clang" />
				<Option createDefFile="1" />
				<Option createStaticLib="1" />
				<Compiler>
					<Add option="/D_UNICODE /DUNICODE" />
					<Add option="/Zi" />
					<Add option="/DWIN32" />
					<Add option="/D_DEBUG" />
					<Add option="/DLLVMDLL_EXPORTS" />
					<Add option="/D_WINDOWS" />
					<Add option="/D_USRDLL" />
					<Add option="/W3" />
					<Add directory="$(VC_IncludePath)/" />
					<Add directory="$(WindowsSDK_IncludePath)/" />
					<Add directory="D:/LLVM/include/" />
					<Add directory="$(IncludePath)/" />
				</Compiler>
				<Linker>
					<Add option="/debug" />
					<Add library="d:/LLVM/lib/LLVMXRay.lib" />
					<Add library="d:/LLVM/lib/LLVMWindowsManifest.lib" />
					<Add library="d:/LLVM/lib/LLVMTextAPI.lib" />
					<Add library="d:/LLVM/lib/LLVMTableGen.lib" />
					<Add library="d:/LLVM/lib/LLVMSymbolize.lib" />
					<Add library="d:/LLVM/lib/LLVMDebugInfoPDB.lib" />
					<Add library="d:/LLVM/lib/LLVMOrcJIT.lib" />
					<Add library="d:/LLVM/lib/LLVMJITLink.lib" />
					<Add library="d:/LLVM/lib/LLVMObjectYAML.lib" />
					<Add library="d:/LLVM/lib/LLVMMCA.lib" />
					<Add library="d:/LLVM/lib/LLVMLTO.lib" />
					<Add library="d:/LLVM/lib/LLVMPasses.lib" />
					<Add library="d:/LLVM/lib/LLVMObjCARCOpts.lib" />
					<Add library="d:/LLVM/lib/LLVMLineEditor.lib" />
					<Add library="d:/LLVM/lib/LLVMLibDriver.lib" />
					<Add library="d:/LLVM/lib/LLVMInterpreter.lib" />
					<Add library="d:/LLVM/lib/LLVMFuzzMutate.lib" />
					<Add library="d:/LLVM/lib/LLVMMCJIT.lib" />
					<Add library="d:/LLVM/lib/LLVMExecutionEngine.lib" />
					<Add library="d:/LLVM/lib/LLVMRuntimeDyld.lib" />
					<Add library="d:/LLVM/lib/LLVMDlltoolDriver.lib" />
					<Add library="d:/LLVM/lib/LLVMOption.lib" />
					<Add library="d:/LLVM/lib/LLVMDebugInfoGSYM.lib" />
					<Add library="d:/LLVM/lib/LLVMCoverage.lib" />
					<Add library="d:/LLVM/lib/LLVMCoroutines.lib" />
					<Add library="d:/LLVM/lib/LLVMXCoreDisassembler.lib" />
					<Add library="d:/LLVM/lib/LLVMXCoreCodeGen.lib" />
					<Add library="d:/LLVM/lib/LLVMXCoreDesc.lib" />
					<Add library="d:/LLVM/lib/LLVMXCoreInfo.lib" />
					<Add library="d:/LLVM/lib/LLVMX86Disassembler.lib" />
					<Add library="d:/LLVM/lib/LLVMX86AsmParser.lib" />
					<Add library="d:/LLVM/lib/LLVMX86CodeGen.lib" />
					<Add library="d:/LLVM/lib/LLVMX86Desc.lib" />
					<Add library="d:/LLVM/lib/LLVMX86Utils.lib" />
					<Add library="d:/LLVM/lib/LLVMX86Info.lib" />
					<Add library="d:/LLVM/lib/LLVMWebAssemblyDisassembler.lib" />
					<Add library="d:/LLVM/lib/LLVMWebAssemblyCodeGen.lib" />
					<Add library="d:/LLVM/lib/LLVMWebAssemblyDesc.lib" />
					<Add library="d:/LLVM/lib/LLVMWebAssemblyAsmParser.lib" />
					<Add library="d:/LLVM/lib/LLVMWebAssemblyInfo.lib" />
					<Add library="d:/LLVM/lib/LLVMSystemZDisassembler.lib" />
					<Add library="d:/LLVM/lib/LLVMSystemZCodeGen.lib" />
					<Add library="d:/LLVM/lib/LLVMSystemZAsmParser.lib" />
					<Add library="d:/LLVM/lib/LLVMSystemZDesc.lib" />
					<Add library="d:/LLVM/lib/LLVMSystemZInfo.lib" />
					<Add library="d:/LLVM/lib/LLVMSparcDisassembler.lib" />
					<Add library="d:/LLVM/lib/LLVMSparcCodeGen.lib" />
					<Add library="d:/LLVM/lib/LLVMSparcAsmParser.lib" />
					<Add library="d:/LLVM/lib/LLVMSparcDesc.lib" />
					<Add library="d:/LLVM/lib/LLVMSparcInfo.lib" />
					<Add library="d:/LLVM/lib/LLVMRISCVDisassembler.lib" />
					<Add library="d:/LLVM/lib/LLVMRISCVCodeGen.lib" />
					<Add library="d:/LLVM/lib/LLVMRISCVAsmParser.lib" />
					<Add library="d:/LLVM/lib/LLVMRISCVDesc.lib" />
					<Add library="d:/LLVM/lib/LLVMRISCVUtils.lib" />
					<Add library="d:/LLVM/lib/LLVMRISCVInfo.lib" />
					<Add library="d:/LLVM/lib/LLVMPowerPCDisassembler.lib" />
					<Add library="d:/LLVM/lib/LLVMPowerPCCodeGen.lib" />
					<Add library="d:/LLVM/lib/LLVMPowerPCAsmParser.lib" />
					<Add library="d:/LLVM/lib/LLVMPowerPCDesc.lib" />
					<Add library="d:/LLVM/lib/LLVMPowerPCInfo.lib" />
					<Add library="d:/LLVM/lib/LLVMNVPTXCodeGen.lib" />
					<Add library="d:/LLVM/lib/LLVMNVPTXDesc.lib" />
					<Add library="d:/LLVM/lib/LLVMNVPTXInfo.lib" />
					<Add library="d:/LLVM/lib/LLVMMSP430Disassembler.lib" />
					<Add library="d:/LLVM/lib/LLVMMSP430CodeGen.lib" />
					<Add library="d:/LLVM/lib/LLVMMSP430AsmParser.lib" />
					<Add library="d:/LLVM/lib/LLVMMSP430Desc.lib" />
					<Add library="d:/LLVM/lib/LLVMMSP430Info.lib" />
					<Add library="d:/LLVM/lib/LLVMMipsDisassembler.lib" />
					<Add library="d:/LLVM/lib/LLVMMipsCodeGen.lib" />
					<Add library="d:/LLVM/lib/LLVMMipsAsmParser.lib" />
					<Add library="d:/LLVM/lib/LLVMMipsDesc.lib" />
					<Add library="d:/LLVM/lib/LLVMMipsInfo.lib" />
					<Add library="d:/LLVM/lib/LLVMLanaiDisassembler.lib" />
					<Add library="d:/LLVM/lib/LLVMLanaiCodeGen.lib" />
					<Add library="d:/LLVM/lib/LLVMLanaiAsmParser.lib" />
					<Add library="d:/LLVM/lib/LLVMLanaiDesc.lib" />
					<Add library="d:/LLVM/lib/LLVMLanaiInfo.lib" />
					<Add library="d:/LLVM/lib/LLVMHexagonDisassembler.lib" />
					<Add library="d:/LLVM/lib/LLVMHexagonCodeGen.lib" />
					<Add library="d:/LLVM/lib/LLVMHexagonAsmParser.lib" />
					<Add library="d:/LLVM/lib/LLVMHexagonDesc.lib" />
					<Add library="d:/LLVM/lib/LLVMHexagonInfo.lib" />
					<Add library="d:/LLVM/lib/LLVMBPFDisassembler.lib" />
					<Add library="d:/LLVM/lib/LLVMBPFCodeGen.lib" />
					<Add library="d:/LLVM/lib/LLVMBPFAsmParser.lib" />
					<Add library="d:/LLVM/lib/LLVMBPFDesc.lib" />
					<Add library="d:/LLVM/lib/LLVMBPFInfo.lib" />
					<Add library="d:/LLVM/lib/LLVMARMDisassembler.lib" />
					<Add library="d:/LLVM/lib/LLVMARMCodeGen.lib" />
					<Add library="d:/LLVM/lib/LLVMARMAsmParser.lib" />
					<Add library="d:/LLVM/lib/LLVMARMDesc.lib" />
					<Add library="d:/LLVM/lib/LLVMARMUtils.lib" />
					<Add library="d:/LLVM/lib/LLVMARMInfo.lib" />
					<Add library="d:/LLVM/lib/LLVMAMDGPUDisassembler.lib" />
					<Add library="d:/LLVM/lib/LLVMAMDGPUCodeGen.lib" />
					<Add library="d:/LLVM/lib/LLVMMIRParser.lib" />
					<Add library="d:/LLVM/lib/LLVMipo.lib" />
					<Add library="d:/LLVM/lib/LLVMInstrumentation.lib" />
					<Add library="d:/LLVM/lib/LLVMVectorize.lib" />
					<Add library="d:/LLVM/lib/LLVMLinker.lib" />
					<Add library="d:/LLVM/lib/LLVMIRReader.lib" />
					<Add library="d:/LLVM/lib/LLVMAsmParser.lib" />
					<Add library="d:/LLVM/lib/LLVMAMDGPUAsmParser.lib" />
					<Add library="d:/LLVM/lib/LLVMAMDGPUDesc.lib" />
					<Add library="d:/LLVM/lib/LLVMAMDGPUUtils.lib" />
					<Add library="d:/LLVM/lib/LLVMAMDGPUInfo.lib" />
					<Add library="d:/LLVM/lib/LLVMAArch64Disassembler.lib" />
					<Add library="d:/LLVM/lib/LLVMMCDisassembler.lib" />
					<Add library="d:/LLVM/lib/LLVMAArch64CodeGen.lib" />
					<Add library="d:/LLVM/lib/LLVMGlobalISel.lib" />
					<Add library="d:/LLVM/lib/LLVMSelectionDAG.lib" />
					<Add library="d:/LLVM/lib/LLVMAsmPrinter.lib" />
					<Add library="d:/LLVM/lib/LLVMDebugInfoDWARF.lib" />
					<Add library="d:/LLVM/lib/LLVMCodeGen.lib" />
					<Add library="d:/LLVM/lib/LLVMTarget.lib" />
					<Add library="d:/LLVM/lib/LLVMScalarOpts.lib" />
					<Add library="d:/LLVM/lib/LLVMInstCombine.lib" />
					<Add library="d:/LLVM/lib/LLVMAggressiveInstCombine.lib" />
					<Add library="d:/LLVM/lib/LLVMTransformUtils.lib" />
					<Add library="d:/LLVM/lib/LLVMBitWriter.lib" />
					<Add library="d:/LLVM/lib/LLVMAnalysis.lib" />
					<Add library="d:/LLVM/lib/LLVMProfileData.lib" />
					<Add library="d:/LLVM/lib/LLVMObject.lib" />
					<Add library="d:/LLVM/lib/LLVMBitReader.lib" />
					<Add library="d:/LLVM/lib/LLVMBitstreamReader.lib" />
					<Add library="d:/LLVM/lib/LLVMCore.lib" />
					<Add library="d:/LLVM/lib/LLVMRemarks.lib" />
					<Add library="d:/LLVM/lib/LLVMAArch64AsmParser.lib" />
					<Add library="d:/LLVM/lib/LLVMMCParser.lib" />
					<Add library="d:/LLVM/lib/LLVMAArch64Desc.lib" />
					<Add library="d:/LLVM/lib/LLVMMC.lib" />
					<Add library="d:/LLVM/lib/LLVMDebugInfoCodeView.lib" />
					<Add library="d:/LLVM/lib/LLVMDebugInfoMSF.lib" />
					<Add library="d:/LLVM/lib/LLVMBinaryFormat.lib" />
					<Add library="d:/LLVM/lib/LLVMAArch64Utils.lib" />
					<Add library="d:/LLVM/lib/LLVMAArch64Info.lib" />
					<Add library="d:/LLVM/lib/LLVMSupport.lib" />
					<Add library="d:/LLVM/lib/LLVMDemangle.lib" />
					<Add library="d:/LLVM/lib/OptRemarks.lib" />
					<Add library="d:/LLVM/lib/LTO.lib" />
					<Add library="d:/LLVM/lib/winmm.lib" />
					<Add library="d:/LLVM/lib/comctl32.lib" />
					<Add library="d:/LLVM/lib/kernel32.lib" />
					<Add library="d:/LLVM/lib/user32.lib" />
					<Add library="d:/LLVM/lib/gdi32.lib" />
					<Add library="d:/LLVM/lib/winspool.lib" />
					<Add library="d:/LLVM/lib/comdlg32.lib" />
					<Add library="d:/LLVM/lib/advapi32.lib" />
					<Add library="d:/LLVM/lib/shell32.lib" />
					<Add library="d:/LLVM/lib/ole32.lib" />
					<Add library="d:/LLVM/lib/oleaut32.lib" />
					<Add library="d:/LLVM/lib/uuid.lib" />
					<Add library="d:/LLVM/lib/odbc32.lib" />
					<Add library="d:/LLVM/lib/odbccp32.lib" />
					<Add directory="D:/LLVM/lib/" />
					<Add directory="$(LibraryPath)/" />
				</Linker>
				<ExtraCommands>
					<Add after="implib \system Debug\Dinrus.LLVM900OMF.lib Debug\Dinrus.LLVM900.dll&#x0A;copy Debug\Dinrus.LLVM900.dll Debug\..\bin\Dinrus.LLVM900.dll" />
				</ExtraCommands>
			</Target>
			<Target title="Debug x64">
				<Option output="Debug/LLVMDLL" prefix_auto="1" extension_auto="1" />
				<Option object_output="Debug/" />
				<Option deps_output="Debug/" />
				<Option type="3" />
				<Option compiler="clang" />
				<Option createDefFile="1" />
				<Option createStaticLib="1" />
				<Compiler>
					<Add option="/D_UNICODE /DUNICODE" />
					<Add option="/Zi" />
					<Add option="/D_DEBUG" />
					<Add option="/DLLVMDLL_EXPORTS" />
					<Add option="/D_WINDOWS" />
					<Add option="/D_USRDLL" />
					<Add option="/W3" />
				</Compiler>
				<Linker>
					<Add option="/debug" />
					<Add library="d:/LLVM/lib/winmm.lib" />
					<Add library="d:/LLVM/lib/comctl32.lib" />
					<Add library="d:/LLVM/lib/kernel32.lib" />
					<Add library="d:/LLVM/lib/user32.lib" />
					<Add library="d:/LLVM/lib/gdi32.lib" />
					<Add library="d:/LLVM/lib/winspool.lib" />
					<Add library="d:/LLVM/lib/comdlg32.lib" />
					<Add library="d:/LLVM/lib/advapi32.lib" />
					<Add library="d:/LLVM/lib/shell32.lib" />
					<Add library="d:/LLVM/lib/ole32.lib" />
					<Add library="d:/LLVM/lib/oleaut32.lib" />
					<Add library="d:/LLVM/lib/uuid.lib" />
					<Add library="d:/LLVM/lib/odbc32.lib" />
					<Add library="d:/LLVM/lib/odbccp32.lib" />
				</Linker>
			</Target>
			<Target title="Release x64">
				<Option output="Release/LLVMDLL" prefix_auto="1" extension_auto="1" />
				<Option object_output="Release/" />
				<Option deps_output="Release/" />
				<Option type="3" />
				<Option compiler="clang" />
				<Option createDefFile="1" />
				<Option createStaticLib="1" />
				<Compiler>
					<Add option="/D_UNICODE /DUNICODE" />
					<Add option="/DNDEBUG" />
					<Add option="/DLLVMDLL_EXPORTS" />
					<Add option="/D_WINDOWS" />
					<Add option="/D_USRDLL" />
					<Add option="/W3" />
				</Compiler>
				<Linker>
					<Add option="/debug" />
					<Add library="d:/LLVM/lib/winmm.lib" />
					<Add library="d:/LLVM/lib/comctl32.lib" />
					<Add library="d:/LLVM/lib/kernel32.lib" />
					<Add library="d:/LLVM/lib/user32.lib" />
					<Add library="d:/LLVM/lib/gdi32.lib" />
					<Add library="d:/LLVM/lib/winspool.lib" />
					<Add library="d:/LLVM/lib/comdlg32.lib" />
					<Add library="d:/LLVM/lib/advapi32.lib" />
					<Add library="d:/LLVM/lib/shell32.lib" />
					<Add library="d:/LLVM/lib/ole32.lib" />
					<Add library="d:/LLVM/lib/oleaut32.lib" />
					<Add library="d:/LLVM/lib/uuid.lib" />
					<Add library="d:/LLVM/lib/odbc32.lib" />
					<Add library="d:/LLVM/lib/odbccp32.lib" />
				</Linker>
			</Target>
			<Target title="Release Win32">
				<Option output="Release/Dinrus" prefix_auto="1" extension_auto="1" />
				<Option object_output="Release/" />
				<Option deps_output="Release/" />
				<Option type="3" />
				<Option compiler="clang" />
				<Option createDefFile="1" />
				<Option createStaticLib="1" />
				<Compiler>
					<Add option="/D_UNICODE /DUNICODE" />
					<Add option="/DWIN32" />
					<Add option="/DNDEBUG" />
					<Add option="/DLLVMDLL_EXPORTS" />
					<Add option="/D_WINDOWS" />
					<Add option="/D_USRDLL" />
					<Add option="/W3" />
					<Add directory="D:/LLVM/include/" />
					<Add directory="$(IncludePath)/" />
				</Compiler>
				<Linker>
					<Add option="/debug" />
					<Add library="d:/LLVM/lib/LLVMXRay.lib" />
					<Add library="d:/LLVM/lib/LLVMWindowsManifest.lib" />
					<Add library="d:/LLVM/lib/LLVMTextAPI.lib" />
					<Add library="d:/LLVM/lib/LLVMTableGen.lib" />
					<Add library="d:/LLVM/lib/LLVMSymbolize.lib" />
					<Add library="d:/LLVM/lib/LLVMDebugInfoPDB.lib" />
					<Add library="d:/LLVM/lib/LLVMOrcJIT.lib" />
					<Add library="d:/LLVM/lib/LLVMJITLink.lib" />
					<Add library="d:/LLVM/lib/LLVMObjectYAML.lib" />
					<Add library="d:/LLVM/lib/LLVMMCA.lib" />
					<Add library="d:/LLVM/lib/LLVMLTO.lib" />
					<Add library="d:/LLVM/lib/LLVMPasses.lib" />
					<Add library="d:/LLVM/lib/LLVMObjCARCOpts.lib" />
					<Add library="d:/LLVM/lib/LLVMLineEditor.lib" />
					<Add library="d:/LLVM/lib/LLVMLibDriver.lib" />
					<Add library="d:/LLVM/lib/LLVMInterpreter.lib" />
					<Add library="d:/LLVM/lib/LLVMFuzzMutate.lib" />
					<Add library="d:/LLVM/lib/LLVMMCJIT.lib" />
					<Add library="d:/LLVM/lib/LLVMExecutionEngine.lib" />
					<Add library="d:/LLVM/lib/LLVMRuntimeDyld.lib" />
					<Add library="d:/LLVM/lib/LLVMDlltoolDriver.lib" />
					<Add library="d:/LLVM/lib/LLVMOption.lib" />
					<Add library="d:/LLVM/lib/LLVMDebugInfoGSYM.lib" />
					<Add library="d:/LLVM/lib/LLVMCoverage.lib" />
					<Add library="d:/LLVM/lib/LLVMCoroutines.lib" />
					<Add library="d:/LLVM/lib/LLVMXCoreDisassembler.lib" />
					<Add library="d:/LLVM/lib/LLVMXCoreCodeGen.lib" />
					<Add library="d:/LLVM/lib/LLVMXCoreDesc.lib" />
					<Add library="d:/LLVM/lib/LLVMXCoreInfo.lib" />
					<Add library="d:/LLVM/lib/LLVMX86Disassembler.lib" />
					<Add library="d:/LLVM/lib/LLVMX86AsmParser.lib" />
					<Add library="d:/LLVM/lib/LLVMX86CodeGen.lib" />
					<Add library="d:/LLVM/lib/LLVMX86Desc.lib" />
					<Add library="d:/LLVM/lib/LLVMX86Utils.lib" />
					<Add library="d:/LLVM/lib/LLVMX86Info.lib" />
					<Add library="d:/LLVM/lib/LLVMWebAssemblyDisassembler.lib" />
					<Add library="d:/LLVM/lib/LLVMWebAssemblyCodeGen.lib" />
					<Add library="d:/LLVM/lib/LLVMWebAssemblyDesc.lib" />
					<Add library="d:/LLVM/lib/LLVMWebAssemblyAsmParser.lib" />
					<Add library="d:/LLVM/lib/LLVMWebAssemblyInfo.lib" />
					<Add library="d:/LLVM/lib/LLVMSystemZDisassembler.lib" />
					<Add library="d:/LLVM/lib/LLVMSystemZCodeGen.lib" />
					<Add library="d:/LLVM/lib/LLVMSystemZAsmParser.lib" />
					<Add library="d:/LLVM/lib/LLVMSystemZDesc.lib" />
					<Add library="d:/LLVM/lib/LLVMSystemZInfo.lib" />
					<Add library="d:/LLVM/lib/LLVMSparcDisassembler.lib" />
					<Add library="d:/LLVM/lib/LLVMSparcCodeGen.lib" />
					<Add library="d:/LLVM/lib/LLVMSparcAsmParser.lib" />
					<Add library="d:/LLVM/lib/LLVMSparcDesc.lib" />
					<Add library="d:/LLVM/lib/LLVMSparcInfo.lib" />
					<Add library="d:/LLVM/lib/LLVMRISCVDisassembler.lib" />
					<Add library="d:/LLVM/lib/LLVMRISCVCodeGen.lib" />
					<Add library="d:/LLVM/lib/LLVMRISCVAsmParser.lib" />
					<Add library="d:/LLVM/lib/LLVMRISCVDesc.lib" />
					<Add library="d:/LLVM/lib/LLVMRISCVUtils.lib" />
					<Add library="d:/LLVM/lib/LLVMRISCVInfo.lib" />
					<Add library="d:/LLVM/lib/LLVMPowerPCDisassembler.lib" />
					<Add library="d:/LLVM/lib/LLVMPowerPCCodeGen.lib" />
					<Add library="d:/LLVM/lib/LLVMPowerPCAsmParser.lib" />
					<Add library="d:/LLVM/lib/LLVMPowerPCDesc.lib" />
					<Add library="d:/LLVM/lib/LLVMPowerPCInfo.lib" />
					<Add library="d:/LLVM/lib/LLVMNVPTXCodeGen.lib" />
					<Add library="d:/LLVM/lib/LLVMNVPTXDesc.lib" />
					<Add library="d:/LLVM/lib/LLVMNVPTXInfo.lib" />
					<Add library="d:/LLVM/lib/LLVMMSP430Disassembler.lib" />
					<Add library="d:/LLVM/lib/LLVMMSP430CodeGen.lib" />
					<Add library="d:/LLVM/lib/LLVMMSP430AsmParser.lib" />
					<Add library="d:/LLVM/lib/LLVMMSP430Desc.lib" />
					<Add library="d:/LLVM/lib/LLVMMSP430Info.lib" />
					<Add library="d:/LLVM/lib/LLVMMipsDisassembler.lib" />
					<Add library="d:/LLVM/lib/LLVMMipsCodeGen.lib" />
					<Add library="d:/LLVM/lib/LLVMMipsAsmParser.lib" />
					<Add library="d:/LLVM/lib/LLVMMipsDesc.lib" />
					<Add library="d:/LLVM/lib/LLVMMipsInfo.lib" />
					<Add library="d:/LLVM/lib/LLVMLanaiDisassembler.lib" />
					<Add library="d:/LLVM/lib/LLVMLanaiCodeGen.lib" />
					<Add library="d:/LLVM/lib/LLVMLanaiAsmParser.lib" />
					<Add library="d:/LLVM/lib/LLVMLanaiDesc.lib" />
					<Add library="d:/LLVM/lib/LLVMLanaiInfo.lib" />
					<Add library="d:/LLVM/lib/LLVMHexagonDisassembler.lib" />
					<Add library="d:/LLVM/lib/LLVMHexagonCodeGen.lib" />
					<Add library="d:/LLVM/lib/LLVMHexagonAsmParser.lib" />
					<Add library="d:/LLVM/lib/LLVMHexagonDesc.lib" />
					<Add library="d:/LLVM/lib/LLVMHexagonInfo.lib" />
					<Add library="d:/LLVM/lib/LLVMBPFDisassembler.lib" />
					<Add library="d:/LLVM/lib/LLVMBPFCodeGen.lib" />
					<Add library="d:/LLVM/lib/LLVMBPFAsmParser.lib" />
					<Add library="d:/LLVM/lib/LLVMBPFDesc.lib" />
					<Add library="d:/LLVM/lib/LLVMBPFInfo.lib" />
					<Add library="d:/LLVM/lib/LLVMARMDisassembler.lib" />
					<Add library="d:/LLVM/lib/LLVMARMCodeGen.lib" />
					<Add library="d:/LLVM/lib/LLVMARMAsmParser.lib" />
					<Add library="d:/LLVM/lib/LLVMARMDesc.lib" />
					<Add library="d:/LLVM/lib/LLVMARMUtils.lib" />
					<Add library="d:/LLVM/lib/LLVMARMInfo.lib" />
					<Add library="d:/LLVM/lib/LLVMAMDGPUDisassembler.lib" />
					<Add library="d:/LLVM/lib/LLVMAMDGPUCodeGen.lib" />
					<Add library="d:/LLVM/lib/LLVMMIRParser.lib" />
					<Add library="d:/LLVM/lib/LLVMipo.lib" />
					<Add library="d:/LLVM/lib/LLVMInstrumentation.lib" />
					<Add library="d:/LLVM/lib/LLVMVectorize.lib" />
					<Add library="d:/LLVM/lib/LLVMLinker.lib" />
					<Add library="d:/LLVM/lib/LLVMIRReader.lib" />
					<Add library="d:/LLVM/lib/LLVMAsmParser.lib" />
					<Add library="d:/LLVM/lib/LLVMAMDGPUAsmParser.lib" />
					<Add library="d:/LLVM/lib/LLVMAMDGPUDesc.lib" />
					<Add library="d:/LLVM/lib/LLVMAMDGPUUtils.lib" />
					<Add library="d:/LLVM/lib/LLVMAMDGPUInfo.lib" />
					<Add library="d:/LLVM/lib/LLVMAArch64Disassembler.lib" />
					<Add library="d:/LLVM/lib/LLVMMCDisassembler.lib" />
					<Add library="d:/LLVM/lib/LLVMAArch64CodeGen.lib" />
					<Add library="d:/LLVM/lib/LLVMGlobalISel.lib" />
					<Add library="d:/LLVM/lib/LLVMSelectionDAG.lib" />
					<Add library="d:/LLVM/lib/LLVMAsmPrinter.lib" />
					<Add library="d:/LLVM/lib/LLVMDebugInfoDWARF.lib" />
					<Add library="d:/LLVM/lib/LLVMCodeGen.lib" />
					<Add library="d:/LLVM/lib/LLVMTarget.lib" />
					<Add library="d:/LLVM/lib/LLVMScalarOpts.lib" />
					<Add library="d:/LLVM/lib/LLVMInstCombine.lib" />
					<Add library="d:/LLVM/lib/LLVMAggressiveInstCombine.lib" />
					<Add library="d:/LLVM/lib/LLVMTransformUtils.lib" />
					<Add library="d:/LLVM/lib/LLVMBitWriter.lib" />
					<Add library="d:/LLVM/lib/LLVMAnalysis.lib" />
					<Add library="d:/LLVM/lib/LLVMProfileData.lib" />
					<Add library="d:/LLVM/lib/LLVMObject.lib" />
					<Add library="d:/LLVM/lib/LLVMBitReader.lib" />
					<Add library="d:/LLVM/lib/LLVMBitstreamReader.lib" />
					<Add library="d:/LLVM/lib/LLVMCore.lib" />
					<Add library="d:/LLVM/lib/LLVMRemarks.lib" />
					<Add library="d:/LLVM/lib/LLVMAArch64AsmParser.lib" />
					<Add library="d:/LLVM/lib/LLVMMCParser.lib" />
					<Add library="d:/LLVM/lib/LLVMAArch64Desc.lib" />
					<Add library="d:/LLVM/lib/LLVMMC.lib" />
					<Add library="d:/LLVM/lib/LLVMDebugInfoCodeView.lib" />
					<Add library="d:/LLVM/lib/LLVMDebugInfoMSF.lib" />
					<Add library="d:/LLVM/lib/LLVMBinaryFormat.lib" />
					<Add library="d:/LLVM/lib/LLVMAArch64Utils.lib" />
					<Add library="d:/LLVM/lib/LLVMAArch64Info.lib" />
					<Add library="d:/LLVM/lib/LLVMSupport.lib" />
					<Add library="d:/LLVM/lib/LLVMDemangle.lib" />
					<Add library="d:/LLVM/lib/winmm.lib" />
					<Add library="d:/LLVM/lib/comctl32.lib" />
					<Add library="d:/LLVM/lib/kernel32.lib" />
					<Add library="d:/LLVM/lib/user32.lib" />
					<Add library="d:/LLVM/lib/gdi32.lib" />
					<Add library="d:/LLVM/lib/winspool.lib" />
					<Add library="d:/LLVM/lib/comdlg32.lib" />
					<Add library="d:/LLVM/lib/advapi32.lib" />
					<Add library="d:/LLVM/lib/shell32.lib" />
					<Add library="d:/LLVM/lib/ole32.lib" />
					<Add library="d:/LLVM/lib/oleaut32.lib" />
					<Add library="d:/LLVM/lib/uuid.lib" />
					<Add library="d:/LLVM/lib/odbc32.lib" />
					<Add library="d:/LLVM/lib/odbccp32.lib" />
					<Add directory="d:/LLVM/lib/" />
				</Linker>
				<ExtraCommands>
					<Add after="$(DINRUS)\implib.exe \system Release\Dinrus.LLVM900OMF.lib Release\Dinrus.LLVM900.dll&#x0A;copy Release\Dinrus.LLVM900.dll Release\..\bin\Dinrus.LLVM900.dll" />
				</ExtraCommands>
			</Target>
		</Build>
		<Compiler>
			<Add directory="." />
		</Compiler>
		<ResourceCompiler>
			<Add directory="." />
		</ResourceCompiler>
		<Linker>
			<Add option="/pdb:$(TARGET_OUTPUT_DIR)$(TARGET_OUTPUT_BASENAME).pdb" />
		</Linker>
		<Unit filename="Analysis.cpp" />
		<Unit filename="BitReader.cpp" />
		<Unit filename="BitWriter.cpp" />
		<Unit filename="Comdat.cpp" />
		<Unit filename="Core.cpp" />
		<Unit filename="DebugInfo.cpp" />
		<Unit filename="Disassembler.cpp" />
		<Unit filename="Error.cpp" />
		<Unit filename="ExecutionEngine.cpp" />
		<Unit filename="Header.h" />
		<Unit filename="IRReader.cpp" />
		<Unit filename="Initialization.cpp" />
		<Unit filename="LTODisassembler.cpp" />
		<Unit filename="Linker.cpp" />
		<Unit filename="Object.cpp" />
		<Unit filename="OrcBindings.cpp" />
		<Unit filename="Remarks.cpp" />
		<Unit filename="Support.cpp" />
		<Unit filename="Target.cpp" />
		<Unit filename="TargetMachine.cpp" />
		<Unit filename="Tools/llc.cpp" />
		<Unit filename="Tools/llvm-ar.cpp" />
		<Unit filename="Tools/llvm-as.cpp" />
		<Unit filename="Tools/llvm-cat.cpp" />
		<Unit filename="Tools/llvm-config.cpp" />
		<Unit filename="Transforms/AggressiveInstCombine.cpp" />
		<Unit filename="Transforms/Coroutines.cpp" />
		<Unit filename="Transforms/IPO.cpp" />
		<Unit filename="Transforms/InstCombine.cpp" />
		<Unit filename="Transforms/PassManagerBuilder.cpp" />
		<Unit filename="Transforms/Scalar.cpp" />
		<Unit filename="Transforms/Utils.cpp" />
		<Unit filename="Transforms/Vectorize.cpp" />
		<Unit filename="dllmain.cpp" />
		<Unit filename="lto.cpp" />
		<Extensions>
			<code_completion />
			<envvars />
			<debugger />
		</Extensions>
	</Project>
</CodeBlocks_project_file>
